// !$*UTF8*$!
{
	archiveVersion = 1;
	classes = {
	};
	objectVersion = 48;
	objects = {

/* Begin PBXBuildFile section */
		6D0CCE081FAD70E900DF5F13 /* AppDelegate.swift in Sources */ = {isa = PBXBuildFile; fileRef = 6D0CCE071FAD70E900DF5F13 /* AppDelegate.swift */; };
		6D0CCE0D1FAD70E900DF5F13 /* Main.storyboard in Resources */ = {isa = PBXBuildFile; fileRef = 6D0CCE0B1FAD70E900DF5F13 /* Main.storyboard */; };
		6D0CCE0F1FAD70E900DF5F13 /* Assets.xcassets in Resources */ = {isa = PBXBuildFile; fileRef = 6D0CCE0E1FAD70E900DF5F13 /* Assets.xcassets */; };
		6D0CCE121FAD70E900DF5F13 /* LaunchScreen.storyboard in Resources */ = {isa = PBXBuildFile; fileRef = 6D0CCE101FAD70E900DF5F13 /* LaunchScreen.storyboard */; };
		6D0CCE1D1FAD70E900DF5F13 /* CircleTests.swift in Sources */ = {isa = PBXBuildFile; fileRef = 6D0CCE1C1FAD70E900DF5F13 /* CircleTests.swift */; };
		6D0CCE281FAD70E900DF5F13 /* CircleUITests.swift in Sources */ = {isa = PBXBuildFile; fileRef = 6D0CCE271FAD70E900DF5F13 /* CircleUITests.swift */; };
		6D0CCE361FAD715C00DF5F13 /* CircleLayout.swift in Sources */ = {isa = PBXBuildFile; fileRef = 6D0CCE351FAD715C00DF5F13 /* CircleLayout.swift */; };
		6D0CCE3A1FADF29A00DF5F13 /* Log.storyboard in Resources */ = {isa = PBXBuildFile; fileRef = 6D0CCE391FADF29A00DF5F13 /* Log.storyboard */; };
		6D0CCE461FAE11E100DF5F13 /* AuthService.swift in Sources */ = {isa = PBXBuildFile; fileRef = 6D0CCE451FAE11E100DF5F13 /* AuthService.swift */; };
		6D0CCE491FAE134700DF5F13 /* apiService.swift in Sources */ = {isa = PBXBuildFile; fileRef = 6D0CCE481FAE134700DF5F13 /* apiService.swift */; };
		6D0CCE4C1FAE2B9F00DF5F13 /* Constant.swift in Sources */ = {isa = PBXBuildFile; fileRef = 6D0CCE4B1FAE2B9F00DF5F13 /* Constant.swift */; };
		6D0CCE531FAE7FCC00DF5F13 /* View.swift in Sources */ = {isa = PBXBuildFile; fileRef = 6D0CCE521FAE7FCC00DF5F13 /* View.swift */; };
		6D0CCE5C1FAFD0AF00DF5F13 /* LoginViewController.swift in Sources */ = {isa = PBXBuildFile; fileRef = 6D0CCE5B1FAFD0AF00DF5F13 /* LoginViewController.swift */; };
		7E04A24561F9065304C6E784 /* Pods_SparenTests.framework in Frameworks */ = {isa = PBXBuildFile; fileRef = 205324F3E901E8629CFD0E12 /* Pods_SparenTests.framework */; };
		A5BBE40F5DDEC45738CC7490 /* Pods_Sparen.framework in Frameworks */ = {isa = PBXBuildFile; fileRef = BFB1BFDD25B40D6B111D7A4D /* Pods_Sparen.framework */; };
		D100D9AC2009F9B700CAEB83 /* UserContact.swift in Sources */ = {isa = PBXBuildFile; fileRef = D100D9AB2009F9B700CAEB83 /* UserContact.swift */; };
		D100D9B1200A13E500CAEB83 /* ContactCell.swift in Sources */ = {isa = PBXBuildFile; fileRef = D100D9AF200A13E500CAEB83 /* ContactCell.swift */; };
		D100D9B8200B981400CAEB83 /* Alert.swift in Sources */ = {isa = PBXBuildFile; fileRef = D100D9B7200B981400CAEB83 /* Alert.swift */; };
		D10880B620DC5803007727B2 /* IntroView.swift in Sources */ = {isa = PBXBuildFile; fileRef = D10880B520DC5802007727B2 /* IntroView.swift */; };
		D10880B820DC5986007727B2 /* SettingsCell.swift in Sources */ = {isa = PBXBuildFile; fileRef = D10880B720DC5986007727B2 /* SettingsCell.swift */; };
		D10880BA20DC6413007727B2 /* FinishCircleSection.swift in Sources */ = {isa = PBXBuildFile; fileRef = D10880B920DC6413007727B2 /* FinishCircleSection.swift */; };
		D10880BC20DC646C007727B2 /* FinishMessageCell.swift in Sources */ = {isa = PBXBuildFile; fileRef = D10880BB20DC646C007727B2 /* FinishMessageCell.swift */; };
		D10880BE20E420A9007727B2 /* EditAccountSection.swift in Sources */ = {isa = PBXBuildFile; fileRef = D10880BD20E420A8007727B2 /* EditAccountSection.swift */; };
		D10880C120E421C0007727B2 /* ProfileImageCell.swift in Sources */ = {isa = PBXBuildFile; fileRef = D10880C020E421C0007727B2 /* ProfileImageCell.swift */; };
		D108D21C2027A82A00679ACE /* CircleView.swift in Sources */ = {isa = PBXBuildFile; fileRef = D108D21B2027A82A00679ACE /* CircleView.swift */; };
		D109DE0220FD12F80076379F /* Device.swift in Sources */ = {isa = PBXBuildFile; fileRef = D109DE0120FD12F70076379F /* Device.swift */; };
		D10A6DAC2039BB9300E7AEB5 /* InviteVCTwo.swift in Sources */ = {isa = PBXBuildFile; fileRef = D10A6DAB2039BB9300E7AEB5 /* InviteVCTwo.swift */; };
		D10A6DB5203E2CAA00E7AEB5 /* OptionButton.swift in Sources */ = {isa = PBXBuildFile; fileRef = D10A6DB4203E2CAA00E7AEB5 /* OptionButton.swift */; };
		D10AC8DB207BF50D0076F34E /* CircleInsightCell.swift in Sources */ = {isa = PBXBuildFile; fileRef = D10AC8DA207BF50D0076F34E /* CircleInsightCell.swift */; };
		D10BDC1B20420E4300D22860 /* PhoneVCTwo.swift in Sources */ = {isa = PBXBuildFile; fileRef = D10BDC1A20420E4300D22860 /* PhoneVCTwo.swift */; };
		D10D855120E59D1000006176 /* ViewModelItem.swift in Sources */ = {isa = PBXBuildFile; fileRef = D10D855020E59D1000006176 /* ViewModelItem.swift */; };
		D10D855320E5AB8700006176 /* DragCell.swift in Sources */ = {isa = PBXBuildFile; fileRef = D10D855220E5AB8600006176 /* DragCell.swift */; };
		D10D855520E5B00300006176 /* CircleUserCell.swift in Sources */ = {isa = PBXBuildFile; fileRef = D10D855420E5B00300006176 /* CircleUserCell.swift */; };
		D11775E7200CE23800B1953C /* PageViewController.swift in Sources */ = {isa = PBXBuildFile; fileRef = D11775E6200CE23800B1953C /* PageViewController.swift */; };
		D11775E9200CE68500B1953C /* PageOneVC.swift in Sources */ = {isa = PBXBuildFile; fileRef = D11775E8200CE68500B1953C /* PageOneVC.swift */; };
		D11775EB200CE69200B1953C /* PageTwoVC.swift in Sources */ = {isa = PBXBuildFile; fileRef = D11775EA200CE69200B1953C /* PageTwoVC.swift */; };
		D11775ED200CFB9E00B1953C /* ActivityIndicator.swift in Sources */ = {isa = PBXBuildFile; fileRef = D11775EC200CFB9E00B1953C /* ActivityIndicator.swift */; };
		D11775EF200D03AB00B1953C /* PageThreeVC.swift in Sources */ = {isa = PBXBuildFile; fileRef = D11775EE200D03AB00B1953C /* PageThreeVC.swift */; };
		D1185C1220D075FC0007DDB8 /* SetupCircleSection.swift in Sources */ = {isa = PBXBuildFile; fileRef = D1185C1120D075FC0007DDB8 /* SetupCircleSection.swift */; };
		D1185C1420D08C320007DDB8 /* MonthlyAmoutCell.swift in Sources */ = {isa = PBXBuildFile; fileRef = D1185C1320D08C320007DDB8 /* MonthlyAmoutCell.swift */; };
		D11B9AAC20D487BB00543538 /* firework.json in Resources */ = {isa = PBXBuildFile; fileRef = D11B9AAB20D487BA00543538 /* firework.json */; };
		D11F27EE20C61C0F00F47474 /* InviteCell.swift in Sources */ = {isa = PBXBuildFile; fileRef = D11F27ED20C61C0F00F47474 /* InviteCell.swift */; };
		D12B604F211228B200B5636B /* GoogleService-Info.plist in Resources */ = {isa = PBXBuildFile; fileRef = D12B604E211228B100B5636B /* GoogleService-Info.plist */; };
		D12B97452030D313001B44FB /* LoginVC.swift in Sources */ = {isa = PBXBuildFile; fileRef = D12B97442030D313001B44FB /* LoginVC.swift */; };
		D1420A6420F6964100E0C54E /* ErrorHandler.swift in Sources */ = {isa = PBXBuildFile; fileRef = D1420A6320F6964100E0C54E /* ErrorHandler.swift */; };
		D142F1CE200D18E500DBA881 /* ContactInfoVC.swift in Sources */ = {isa = PBXBuildFile; fileRef = D142F1CD200D18E500DBA881 /* ContactInfoVC.swift */; };
		D142F1D1200D1D1400DBA881 /* TextFieldRect.swift in Sources */ = {isa = PBXBuildFile; fileRef = D142F1D0200D1D1400DBA881 /* TextFieldRect.swift */; };
		D153C96520BAFD050007C3F5 /* Transform.swift in Sources */ = {isa = PBXBuildFile; fileRef = D153C96420BAFD050007C3F5 /* Transform.swift */; };
		D153C96820BB15040007C3F5 /* CircleInsightSection.swift in Sources */ = {isa = PBXBuildFile; fileRef = D153C96720BB15040007C3F5 /* CircleInsightSection.swift */; };
		D153C96A20BDB7C00007C3F5 /* NextPayoutSection.swift in Sources */ = {isa = PBXBuildFile; fileRef = D153C96920BDB7C00007C3F5 /* NextPayoutSection.swift */; };
		D153C96C20BDB7E90007C3F5 /* NextPayoutCell.swift in Sources */ = {isa = PBXBuildFile; fileRef = D153C96B20BDB7E90007C3F5 /* NextPayoutCell.swift */; };
		D153C96E20BF90050007C3F5 /* AmountsSection.swift in Sources */ = {isa = PBXBuildFile; fileRef = D153C96D20BF90050007C3F5 /* AmountsSection.swift */; };
		D153C97020BF903F0007C3F5 /* AmountsCell.swift in Sources */ = {isa = PBXBuildFile; fileRef = D153C96F20BF903F0007C3F5 /* AmountsCell.swift */; };
		D153C97720C088950007C3F5 /* HeaderSection.swift in Sources */ = {isa = PBXBuildFile; fileRef = D153C97620C088950007C3F5 /* HeaderSection.swift */; };
		D15586D12015885D00E4984B /* UIColor+Palette.swift in Sources */ = {isa = PBXBuildFile; fileRef = D15586D02015885D00E4984B /* UIColor+Palette.swift */; };
		D15DA0BC2049E2E6008BA9DE /* ChooseBankVC.swift in Sources */ = {isa = PBXBuildFile; fileRef = D15DA0BB2049E2E6008BA9DE /* ChooseBankVC.swift */; };
		D1619201202814AD0073C8B8 /* WelcomeVC.swift in Sources */ = {isa = PBXBuildFile; fileRef = D1619200202814AD0073C8B8 /* WelcomeVC.swift */; };
		D165407B202EB79F00B2A1F5 /* PendingVC.swift in Sources */ = {isa = PBXBuildFile; fileRef = D165407A202EB79F00B2A1F5 /* PendingVC.swift */; };
		D16540802030990700B2A1F5 /* ChooseImageView.swift in Sources */ = {isa = PBXBuildFile; fileRef = D165407F2030990700B2A1F5 /* ChooseImageView.swift */; };
		D1669CEA20CD4F840006FC9B /* Insight.swift in Sources */ = {isa = PBXBuildFile; fileRef = D1669CE920CD4F840006FC9B /* Insight.swift */; };
		D1669CEC20CD9FE40006FC9B /* UpperSection.swift in Sources */ = {isa = PBXBuildFile; fileRef = D1669CEB20CD9FE40006FC9B /* UpperSection.swift */; };
		D1669CEE20CDA0240006FC9B /* SelectedUserCell.swift in Sources */ = {isa = PBXBuildFile; fileRef = D1669CED20CDA0240006FC9B /* SelectedUserCell.swift */; };
		D1669CF020CE7BCA0006FC9B /* SelectedUsersSection.swift in Sources */ = {isa = PBXBuildFile; fileRef = D1669CEF20CE7BCA0006FC9B /* SelectedUsersSection.swift */; };
		D16938391FB386830095F5A7 /* Circle.swift in Sources */ = {isa = PBXBuildFile; fileRef = D16938381FB386830095F5A7 /* Circle.swift */; };
		D16D05031FB0A27A00153D99 /* User.swift in Sources */ = {isa = PBXBuildFile; fileRef = D16D05021FB0A27A00153D99 /* User.swift */; };
		D17197EE200E40AE009BC920 /* VericationPhoneVC.swift in Sources */ = {isa = PBXBuildFile; fileRef = D17197ED200E40AE009BC920 /* VericationPhoneVC.swift */; };
		D17197F0200E51A5009BC920 /* LoadingButton.swift in Sources */ = {isa = PBXBuildFile; fileRef = D17197EF200E51A5009BC920 /* LoadingButton.swift */; };
		D17197F3200E6052009BC920 /* LogButton.swift in Sources */ = {isa = PBXBuildFile; fileRef = D17197F2200E6052009BC920 /* LogButton.swift */; };
		D17197F5200E632C009BC920 /* BankAccountVC.swift in Sources */ = {isa = PBXBuildFile; fileRef = D17197F4200E632C009BC920 /* BankAccountVC.swift */; };
		D1719814200E725A009BC920 /* AKMaskFieldStatus.swift in Sources */ = {isa = PBXBuildFile; fileRef = D171980B200E7259009BC920 /* AKMaskFieldStatus.swift */; };
		D1719815200E725A009BC920 /* AKMaskField.swift in Sources */ = {isa = PBXBuildFile; fileRef = D171980C200E7259009BC920 /* AKMaskField.swift */; };
		D1719816200E725A009BC920 /* AKMaskFieldBlockCharacter.swift in Sources */ = {isa = PBXBuildFile; fileRef = D171980E200E725A009BC920 /* AKMaskFieldBlockCharacter.swift */; };
		D1719817200E725A009BC920 /* AKMaskFieldPatternCharacter.swift in Sources */ = {isa = PBXBuildFile; fileRef = D171980F200E725A009BC920 /* AKMaskFieldPatternCharacter.swift */; };
		D1719818200E725A009BC920 /* AKMaskFieldBrackets.swift in Sources */ = {isa = PBXBuildFile; fileRef = D1719810200E725A009BC920 /* AKMaskFieldBrackets.swift */; };
		D1719819200E725A009BC920 /* AKMaskFieldEvent.swift in Sources */ = {isa = PBXBuildFile; fileRef = D1719811200E725A009BC920 /* AKMaskFieldEvent.swift */; };
		D171981A200E725A009BC920 /* AKMaskFieldBlock.swift in Sources */ = {isa = PBXBuildFile; fileRef = D1719812200E725A009BC920 /* AKMaskFieldBlock.swift */; };
		D171981B200E725A009BC920 /* AKMaskFieldUtility.swift in Sources */ = {isa = PBXBuildFile; fileRef = D1719813200E725A009BC920 /* AKMaskFieldUtility.swift */; };
		D1719820200E852B009BC920 /* NamePasswordVC.swift in Sources */ = {isa = PBXBuildFile; fileRef = D171981F200E852B009BC920 /* NamePasswordVC.swift */; };
		D1719822200F8AC7009BC920 /* BackgroundTextField.swift in Sources */ = {isa = PBXBuildFile; fileRef = D1719821200F8AC7009BC920 /* BackgroundTextField.swift */; };
		D1719825200F8F17009BC920 /* Headline.swift in Sources */ = {isa = PBXBuildFile; fileRef = D1719824200F8F17009BC920 /* Headline.swift */; };
		D1719829200F91FB009BC920 /* Subhead.swift in Sources */ = {isa = PBXBuildFile; fileRef = D1719828200F91FB009BC920 /* Subhead.swift */; };
		D171982B200F927B009BC920 /* CardField.swift in Sources */ = {isa = PBXBuildFile; fileRef = D171982A200F927B009BC920 /* CardField.swift */; };
		D171982D200F95CC009BC920 /* Footnote.swift in Sources */ = {isa = PBXBuildFile; fileRef = D171982C200F95CC009BC920 /* Footnote.swift */; };
		D1753CF31FB1543F00267B35 /* SettingsVC.swift in Sources */ = {isa = PBXBuildFile; fileRef = D1753CF21FB1543F00267B35 /* SettingsVC.swift */; };
		D1753CF51FB15B5C00267B35 /* EditAccountVC.swift in Sources */ = {isa = PBXBuildFile; fileRef = D1753CF41FB15B5C00267B35 /* EditAccountVC.swift */; };
		D1D66D672071B8860087D41C /* ImageButton.swift in Sources */ = {isa = PBXBuildFile; fileRef = D1D66D662071B8860087D41C /* ImageButton.swift */; };
		D1E306762008210B000A5845 /* InviteVC.swift in Sources */ = {isa = PBXBuildFile; fileRef = D1E306752008210B000A5845 /* InviteVC.swift */; };
		D1EAD2E620E950A3008A9135 /* UserListViewModel.swift in Sources */ = {isa = PBXBuildFile; fileRef = D1EAD2E520E950A3008A9135 /* UserListViewModel.swift */; };
		D1EAD2E920E9F301008A9135 /* Haptics.swift in Sources */ = {isa = PBXBuildFile; fileRef = D1EAD2E820E9F301008A9135 /* Haptics.swift */; };
		D1EAD2EB20EBD476008A9135 /* UICreator.swift in Sources */ = {isa = PBXBuildFile; fileRef = D1EAD2EA20EBD476008A9135 /* UICreator.swift */; };
		D1F7A7781FCB49DE00D5C440 /* EmbeddedCollectionViewCell.swift in Sources */ = {isa = PBXBuildFile; fileRef = D1F7A7771FCB49DE00D5C440 /* EmbeddedCollectionViewCell.swift */; };
		D1F8AB2A20A3E9220050AA05 /* CodeVC.swift in Sources */ = {isa = PBXBuildFile; fileRef = D1F8AB2920A3E9220050AA05 /* CodeVC.swift */; };
		D1FDA77A20326C5A006D2CBF /* ForgotPasswordVC.swift in Sources */ = {isa = PBXBuildFile; fileRef = D1FDA77920326C5A006D2CBF /* ForgotPasswordVC.swift */; };
		D767618869E0A77E499D2263 /* Pods_SparenUITests.framework in Frameworks */ = {isa = PBXBuildFile; fileRef = EA7E8AC21D5A3DA29D6E0ED0 /* Pods_SparenUITests.framework */; };
/* End PBXBuildFile section */

/* Begin PBXContainerItemProxy section */
		6D0CCE191FAD70E900DF5F13 /* PBXContainerItemProxy */ = {
			isa = PBXContainerItemProxy;
			containerPortal = 6D0CCDFC1FAD70E900DF5F13 /* Project object */;
			proxyType = 1;
			remoteGlobalIDString = 6D0CCE031FAD70E900DF5F13;
			remoteInfo = Circle;
		};
		6D0CCE241FAD70E900DF5F13 /* PBXContainerItemProxy */ = {
			isa = PBXContainerItemProxy;
			containerPortal = 6D0CCDFC1FAD70E900DF5F13 /* Project object */;
			proxyType = 1;
			remoteGlobalIDString = 6D0CCE031FAD70E900DF5F13;
			remoteInfo = Circle;
		};
/* End PBXContainerItemProxy section */

/* Begin PBXFileReference section */
		205324F3E901E8629CFD0E12 /* Pods_SparenTests.framework */ = {isa = PBXFileReference; explicitFileType = wrapper.framework; includeInIndex = 0; path = Pods_SparenTests.framework; sourceTree = BUILT_PRODUCTS_DIR; };
		226EBE804BFCC86852AFB1FD /* Pods-SparenUITests.release.xcconfig */ = {isa = PBXFileReference; includeInIndex = 1; lastKnownFileType = text.xcconfig; name = "Pods-SparenUITests.release.xcconfig"; path = "Pods/Target Support Files/Pods-SparenUITests/Pods-SparenUITests.release.xcconfig"; sourceTree = "<group>"; };
		4D307B6D4B55459502B6C3F3 /* Pods-SparenUITests.debug.xcconfig */ = {isa = PBXFileReference; includeInIndex = 1; lastKnownFileType = text.xcconfig; name = "Pods-SparenUITests.debug.xcconfig"; path = "Pods/Target Support Files/Pods-SparenUITests/Pods-SparenUITests.debug.xcconfig"; sourceTree = "<group>"; };
		58DB486847BD92FFA1FAE730 /* Pods-Sparen.release.xcconfig */ = {isa = PBXFileReference; includeInIndex = 1; lastKnownFileType = text.xcconfig; name = "Pods-Sparen.release.xcconfig"; path = "Pods/Target Support Files/Pods-Sparen/Pods-Sparen.release.xcconfig"; sourceTree = "<group>"; };
		6D0CCE041FAD70E900DF5F13 /* Sparen.app */ = {isa = PBXFileReference; explicitFileType = wrapper.application; includeInIndex = 0; path = Sparen.app; sourceTree = BUILT_PRODUCTS_DIR; };
		6D0CCE071FAD70E900DF5F13 /* AppDelegate.swift */ = {isa = PBXFileReference; lastKnownFileType = sourcecode.swift; path = AppDelegate.swift; sourceTree = "<group>"; };
		6D0CCE0C1FAD70E900DF5F13 /* Base */ = {isa = PBXFileReference; lastKnownFileType = file.storyboard; name = Base; path = Base.lproj/Main.storyboard; sourceTree = "<group>"; };
		6D0CCE0E1FAD70E900DF5F13 /* Assets.xcassets */ = {isa = PBXFileReference; lastKnownFileType = folder.assetcatalog; path = Assets.xcassets; sourceTree = "<group>"; };
		6D0CCE111FAD70E900DF5F13 /* Base */ = {isa = PBXFileReference; lastKnownFileType = file.storyboard; name = Base; path = Base.lproj/LaunchScreen.storyboard; sourceTree = "<group>"; };
		6D0CCE131FAD70E900DF5F13 /* Info.plist */ = {isa = PBXFileReference; lastKnownFileType = text.plist.xml; path = Info.plist; sourceTree = "<group>"; };
		6D0CCE181FAD70E900DF5F13 /* SparenTests.xctest */ = {isa = PBXFileReference; explicitFileType = wrapper.cfbundle; includeInIndex = 0; path = SparenTests.xctest; sourceTree = BUILT_PRODUCTS_DIR; };
		6D0CCE1C1FAD70E900DF5F13 /* CircleTests.swift */ = {isa = PBXFileReference; lastKnownFileType = sourcecode.swift; path = CircleTests.swift; sourceTree = "<group>"; };
		6D0CCE1E1FAD70E900DF5F13 /* Info.plist */ = {isa = PBXFileReference; lastKnownFileType = text.plist.xml; path = Info.plist; sourceTree = "<group>"; };
		6D0CCE231FAD70E900DF5F13 /* SparenUITests.xctest */ = {isa = PBXFileReference; explicitFileType = wrapper.cfbundle; includeInIndex = 0; path = SparenUITests.xctest; sourceTree = BUILT_PRODUCTS_DIR; };
		6D0CCE271FAD70E900DF5F13 /* CircleUITests.swift */ = {isa = PBXFileReference; lastKnownFileType = sourcecode.swift; path = CircleUITests.swift; sourceTree = "<group>"; };
		6D0CCE291FAD70E900DF5F13 /* Info.plist */ = {isa = PBXFileReference; lastKnownFileType = text.plist.xml; path = Info.plist; sourceTree = "<group>"; };
		6D0CCE351FAD715C00DF5F13 /* CircleLayout.swift */ = {isa = PBXFileReference; lastKnownFileType = sourcecode.swift; path = CircleLayout.swift; sourceTree = "<group>"; };
		6D0CCE391FADF29A00DF5F13 /* Log.storyboard */ = {isa = PBXFileReference; lastKnownFileType = file.storyboard; path = Log.storyboard; sourceTree = "<group>"; };
		6D0CCE451FAE11E100DF5F13 /* AuthService.swift */ = {isa = PBXFileReference; lastKnownFileType = sourcecode.swift; path = AuthService.swift; sourceTree = "<group>"; };
		6D0CCE481FAE134700DF5F13 /* apiService.swift */ = {isa = PBXFileReference; lastKnownFileType = sourcecode.swift; path = apiService.swift; sourceTree = "<group>"; };
		6D0CCE4B1FAE2B9F00DF5F13 /* Constant.swift */ = {isa = PBXFileReference; lastKnownFileType = sourcecode.swift; path = Constant.swift; sourceTree = "<group>"; };
		6D0CCE521FAE7FCC00DF5F13 /* View.swift */ = {isa = PBXFileReference; lastKnownFileType = sourcecode.swift; path = View.swift; sourceTree = "<group>"; };
		6D0CCE5B1FAFD0AF00DF5F13 /* LoginViewController.swift */ = {isa = PBXFileReference; lastKnownFileType = sourcecode.swift; path = LoginViewController.swift; sourceTree = "<group>"; };
		87C2CC8784914F1C08639150 /* Pods-Sparen.debug.xcconfig */ = {isa = PBXFileReference; includeInIndex = 1; lastKnownFileType = text.xcconfig; name = "Pods-Sparen.debug.xcconfig"; path = "Pods/Target Support Files/Pods-Sparen/Pods-Sparen.debug.xcconfig"; sourceTree = "<group>"; };
		BFB1BFDD25B40D6B111D7A4D /* Pods_Sparen.framework */ = {isa = PBXFileReference; explicitFileType = wrapper.framework; includeInIndex = 0; path = Pods_Sparen.framework; sourceTree = BUILT_PRODUCTS_DIR; };
		D100D9AB2009F9B700CAEB83 /* UserContact.swift */ = {isa = PBXFileReference; lastKnownFileType = sourcecode.swift; path = UserContact.swift; sourceTree = "<group>"; };
		D100D9AF200A13E500CAEB83 /* ContactCell.swift */ = {isa = PBXFileReference; lastKnownFileType = sourcecode.swift; path = ContactCell.swift; sourceTree = "<group>"; };
		D100D9B7200B981400CAEB83 /* Alert.swift */ = {isa = PBXFileReference; lastKnownFileType = sourcecode.swift; path = Alert.swift; sourceTree = "<group>"; };
		D106B6971FCDEAF2002CCEBC /* Sparen-Bridging-Header.h */ = {isa = PBXFileReference; lastKnownFileType = sourcecode.c.h; path = "Sparen-Bridging-Header.h"; sourceTree = "<group>"; };
		D10880B520DC5802007727B2 /* IntroView.swift */ = {isa = PBXFileReference; fileEncoding = 4; lastKnownFileType = sourcecode.swift; path = IntroView.swift; sourceTree = "<group>"; };
		D10880B720DC5986007727B2 /* SettingsCell.swift */ = {isa = PBXFileReference; fileEncoding = 4; lastKnownFileType = sourcecode.swift; path = SettingsCell.swift; sourceTree = "<group>"; };
		D10880B920DC6413007727B2 /* FinishCircleSection.swift */ = {isa = PBXFileReference; lastKnownFileType = sourcecode.swift; path = FinishCircleSection.swift; sourceTree = "<group>"; };
		D10880BB20DC646C007727B2 /* FinishMessageCell.swift */ = {isa = PBXFileReference; lastKnownFileType = sourcecode.swift; path = FinishMessageCell.swift; sourceTree = "<group>"; };
		D10880BD20E420A8007727B2 /* EditAccountSection.swift */ = {isa = PBXFileReference; lastKnownFileType = sourcecode.swift; path = EditAccountSection.swift; sourceTree = "<group>"; };
		D10880C020E421C0007727B2 /* ProfileImageCell.swift */ = {isa = PBXFileReference; lastKnownFileType = sourcecode.swift; path = ProfileImageCell.swift; sourceTree = "<group>"; };
		D108D21B2027A82A00679ACE /* CircleView.swift */ = {isa = PBXFileReference; lastKnownFileType = sourcecode.swift; path = CircleView.swift; sourceTree = "<group>"; };
		D109DE0120FD12F70076379F /* Device.swift */ = {isa = PBXFileReference; lastKnownFileType = sourcecode.swift; path = Device.swift; sourceTree = "<group>"; };
		D10A6DAB2039BB9300E7AEB5 /* InviteVCTwo.swift */ = {isa = PBXFileReference; lastKnownFileType = sourcecode.swift; path = InviteVCTwo.swift; sourceTree = "<group>"; };
		D10A6DB4203E2CAA00E7AEB5 /* OptionButton.swift */ = {isa = PBXFileReference; lastKnownFileType = sourcecode.swift; path = OptionButton.swift; sourceTree = "<group>"; };
		D10AC8DA207BF50D0076F34E /* CircleInsightCell.swift */ = {isa = PBXFileReference; lastKnownFileType = sourcecode.swift; path = CircleInsightCell.swift; sourceTree = "<group>"; };
		D10BDC1A20420E4300D22860 /* PhoneVCTwo.swift */ = {isa = PBXFileReference; lastKnownFileType = sourcecode.swift; path = PhoneVCTwo.swift; sourceTree = "<group>"; };
		D10D855020E59D1000006176 /* ViewModelItem.swift */ = {isa = PBXFileReference; lastKnownFileType = sourcecode.swift; path = ViewModelItem.swift; sourceTree = "<group>"; };
		D10D855220E5AB8600006176 /* DragCell.swift */ = {isa = PBXFileReference; fileEncoding = 4; lastKnownFileType = sourcecode.swift; path = DragCell.swift; sourceTree = "<group>"; };
		D10D855420E5B00300006176 /* CircleUserCell.swift */ = {isa = PBXFileReference; lastKnownFileType = sourcecode.swift; path = CircleUserCell.swift; sourceTree = "<group>"; };
		D11775E6200CE23800B1953C /* PageViewController.swift */ = {isa = PBXFileReference; lastKnownFileType = sourcecode.swift; path = PageViewController.swift; sourceTree = "<group>"; };
		D11775E8200CE68500B1953C /* PageOneVC.swift */ = {isa = PBXFileReference; lastKnownFileType = sourcecode.swift; path = PageOneVC.swift; sourceTree = "<group>"; };
		D11775EA200CE69200B1953C /* PageTwoVC.swift */ = {isa = PBXFileReference; lastKnownFileType = sourcecode.swift; path = PageTwoVC.swift; sourceTree = "<group>"; };
		D11775EC200CFB9E00B1953C /* ActivityIndicator.swift */ = {isa = PBXFileReference; lastKnownFileType = sourcecode.swift; path = ActivityIndicator.swift; sourceTree = "<group>"; };
		D11775EE200D03AB00B1953C /* PageThreeVC.swift */ = {isa = PBXFileReference; lastKnownFileType = sourcecode.swift; path = PageThreeVC.swift; sourceTree = "<group>"; };
		D1185C1120D075FC0007DDB8 /* SetupCircleSection.swift */ = {isa = PBXFileReference; lastKnownFileType = sourcecode.swift; path = SetupCircleSection.swift; sourceTree = "<group>"; };
		D1185C1320D08C320007DDB8 /* MonthlyAmoutCell.swift */ = {isa = PBXFileReference; lastKnownFileType = sourcecode.swift; path = MonthlyAmoutCell.swift; sourceTree = "<group>"; };
		D11B9AAB20D487BA00543538 /* firework.json */ = {isa = PBXFileReference; fileEncoding = 4; lastKnownFileType = text.json; path = firework.json; sourceTree = "<group>"; };
		D11F27ED20C61C0F00F47474 /* InviteCell.swift */ = {isa = PBXFileReference; lastKnownFileType = sourcecode.swift; path = InviteCell.swift; sourceTree = "<group>"; };
		D12B604D211208D500B5636B /* Sparen.entitlements */ = {isa = PBXFileReference; lastKnownFileType = text.plist.entitlements; path = Sparen.entitlements; sourceTree = "<group>"; };
		D12B604E211228B100B5636B /* GoogleService-Info.plist */ = {isa = PBXFileReference; fileEncoding = 4; lastKnownFileType = text.plist.xml; name = "GoogleService-Info.plist"; path = "../../../Downloads/GoogleService-Info.plist"; sourceTree = "<group>"; };
		D12B97442030D313001B44FB /* LoginVC.swift */ = {isa = PBXFileReference; lastKnownFileType = sourcecode.swift; path = LoginVC.swift; sourceTree = "<group>"; };
		D1420A6320F6964100E0C54E /* ErrorHandler.swift */ = {isa = PBXFileReference; lastKnownFileType = sourcecode.swift; path = ErrorHandler.swift; sourceTree = "<group>"; };
		D142F1CD200D18E500DBA881 /* ContactInfoVC.swift */ = {isa = PBXFileReference; lastKnownFileType = sourcecode.swift; path = ContactInfoVC.swift; sourceTree = "<group>"; };
		D142F1D0200D1D1400DBA881 /* TextFieldRect.swift */ = {isa = PBXFileReference; lastKnownFileType = sourcecode.swift; path = TextFieldRect.swift; sourceTree = "<group>"; };
		D153C96420BAFD050007C3F5 /* Transform.swift */ = {isa = PBXFileReference; lastKnownFileType = sourcecode.swift; path = Transform.swift; sourceTree = "<group>"; };
		D153C96720BB15040007C3F5 /* CircleInsightSection.swift */ = {isa = PBXFileReference; lastKnownFileType = sourcecode.swift; path = CircleInsightSection.swift; sourceTree = "<group>"; };
		D153C96920BDB7C00007C3F5 /* NextPayoutSection.swift */ = {isa = PBXFileReference; lastKnownFileType = sourcecode.swift; path = NextPayoutSection.swift; sourceTree = "<group>"; };
		D153C96B20BDB7E90007C3F5 /* NextPayoutCell.swift */ = {isa = PBXFileReference; lastKnownFileType = sourcecode.swift; path = NextPayoutCell.swift; sourceTree = "<group>"; };
		D153C96D20BF90050007C3F5 /* AmountsSection.swift */ = {isa = PBXFileReference; lastKnownFileType = sourcecode.swift; path = AmountsSection.swift; sourceTree = "<group>"; };
		D153C96F20BF903F0007C3F5 /* AmountsCell.swift */ = {isa = PBXFileReference; lastKnownFileType = sourcecode.swift; path = AmountsCell.swift; sourceTree = "<group>"; };
		D153C97620C088950007C3F5 /* HeaderSection.swift */ = {isa = PBXFileReference; lastKnownFileType = sourcecode.swift; path = HeaderSection.swift; sourceTree = "<group>"; };
		D15586D02015885D00E4984B /* UIColor+Palette.swift */ = {isa = PBXFileReference; lastKnownFileType = sourcecode.swift; path = "UIColor+Palette.swift"; sourceTree = "<group>"; };
		D15DA0BB2049E2E6008BA9DE /* ChooseBankVC.swift */ = {isa = PBXFileReference; lastKnownFileType = sourcecode.swift; path = ChooseBankVC.swift; sourceTree = "<group>"; };
		D1619200202814AD0073C8B8 /* WelcomeVC.swift */ = {isa = PBXFileReference; lastKnownFileType = sourcecode.swift; path = WelcomeVC.swift; sourceTree = "<group>"; };
		D165407A202EB79F00B2A1F5 /* PendingVC.swift */ = {isa = PBXFileReference; lastKnownFileType = sourcecode.swift; path = PendingVC.swift; sourceTree = "<group>"; };
		D165407F2030990700B2A1F5 /* ChooseImageView.swift */ = {isa = PBXFileReference; lastKnownFileType = sourcecode.swift; path = ChooseImageView.swift; sourceTree = "<group>"; };
		D1669CE920CD4F840006FC9B /* Insight.swift */ = {isa = PBXFileReference; lastKnownFileType = sourcecode.swift; path = Insight.swift; sourceTree = "<group>"; };
		D1669CEB20CD9FE40006FC9B /* UpperSection.swift */ = {isa = PBXFileReference; lastKnownFileType = sourcecode.swift; path = UpperSection.swift; sourceTree = "<group>"; };
		D1669CED20CDA0240006FC9B /* SelectedUserCell.swift */ = {isa = PBXFileReference; lastKnownFileType = sourcecode.swift; path = SelectedUserCell.swift; sourceTree = "<group>"; };
		D1669CEF20CE7BCA0006FC9B /* SelectedUsersSection.swift */ = {isa = PBXFileReference; lastKnownFileType = sourcecode.swift; path = SelectedUsersSection.swift; sourceTree = "<group>"; };
		D16938381FB386830095F5A7 /* Circle.swift */ = {isa = PBXFileReference; lastKnownFileType = sourcecode.swift; path = Circle.swift; sourceTree = "<group>"; };
		D16D05021FB0A27A00153D99 /* User.swift */ = {isa = PBXFileReference; lastKnownFileType = sourcecode.swift; path = User.swift; sourceTree = "<group>"; };
		D17197ED200E40AE009BC920 /* VericationPhoneVC.swift */ = {isa = PBXFileReference; lastKnownFileType = sourcecode.swift; path = VericationPhoneVC.swift; sourceTree = "<group>"; };
		D17197EF200E51A5009BC920 /* LoadingButton.swift */ = {isa = PBXFileReference; lastKnownFileType = sourcecode.swift; path = LoadingButton.swift; sourceTree = "<group>"; };
		D17197F2200E6052009BC920 /* LogButton.swift */ = {isa = PBXFileReference; lastKnownFileType = sourcecode.swift; path = LogButton.swift; sourceTree = "<group>"; };
		D17197F4200E632C009BC920 /* BankAccountVC.swift */ = {isa = PBXFileReference; lastKnownFileType = sourcecode.swift; path = BankAccountVC.swift; sourceTree = "<group>"; };
		D171980B200E7259009BC920 /* AKMaskFieldStatus.swift */ = {isa = PBXFileReference; fileEncoding = 4; lastKnownFileType = sourcecode.swift; path = AKMaskFieldStatus.swift; sourceTree = "<group>"; };
		D171980C200E7259009BC920 /* AKMaskField.swift */ = {isa = PBXFileReference; fileEncoding = 4; lastKnownFileType = sourcecode.swift; path = AKMaskField.swift; sourceTree = "<group>"; };
		D171980D200E7259009BC920 /* AKMaskField.h */ = {isa = PBXFileReference; fileEncoding = 4; lastKnownFileType = sourcecode.c.h; path = AKMaskField.h; sourceTree = "<group>"; };
		D171980E200E725A009BC920 /* AKMaskFieldBlockCharacter.swift */ = {isa = PBXFileReference; fileEncoding = 4; lastKnownFileType = sourcecode.swift; path = AKMaskFieldBlockCharacter.swift; sourceTree = "<group>"; };
		D171980F200E725A009BC920 /* AKMaskFieldPatternCharacter.swift */ = {isa = PBXFileReference; fileEncoding = 4; lastKnownFileType = sourcecode.swift; path = AKMaskFieldPatternCharacter.swift; sourceTree = "<group>"; };
		D1719810200E725A009BC920 /* AKMaskFieldBrackets.swift */ = {isa = PBXFileReference; fileEncoding = 4; lastKnownFileType = sourcecode.swift; path = AKMaskFieldBrackets.swift; sourceTree = "<group>"; };
		D1719811200E725A009BC920 /* AKMaskFieldEvent.swift */ = {isa = PBXFileReference; fileEncoding = 4; lastKnownFileType = sourcecode.swift; path = AKMaskFieldEvent.swift; sourceTree = "<group>"; };
		D1719812200E725A009BC920 /* AKMaskFieldBlock.swift */ = {isa = PBXFileReference; fileEncoding = 4; lastKnownFileType = sourcecode.swift; path = AKMaskFieldBlock.swift; sourceTree = "<group>"; };
		D1719813200E725A009BC920 /* AKMaskFieldUtility.swift */ = {isa = PBXFileReference; fileEncoding = 4; lastKnownFileType = sourcecode.swift; path = AKMaskFieldUtility.swift; sourceTree = "<group>"; };
		D171981F200E852B009BC920 /* NamePasswordVC.swift */ = {isa = PBXFileReference; lastKnownFileType = sourcecode.swift; path = NamePasswordVC.swift; sourceTree = "<group>"; };
		D1719821200F8AC7009BC920 /* BackgroundTextField.swift */ = {isa = PBXFileReference; lastKnownFileType = sourcecode.swift; path = BackgroundTextField.swift; sourceTree = "<group>"; };
		D1719824200F8F17009BC920 /* Headline.swift */ = {isa = PBXFileReference; lastKnownFileType = sourcecode.swift; path = Headline.swift; sourceTree = "<group>"; };
		D1719828200F91FB009BC920 /* Subhead.swift */ = {isa = PBXFileReference; lastKnownFileType = sourcecode.swift; path = Subhead.swift; sourceTree = "<group>"; };
		D171982A200F927B009BC920 /* CardField.swift */ = {isa = PBXFileReference; lastKnownFileType = sourcecode.swift; path = CardField.swift; sourceTree = "<group>"; };
		D171982C200F95CC009BC920 /* Footnote.swift */ = {isa = PBXFileReference; lastKnownFileType = sourcecode.swift; path = Footnote.swift; sourceTree = "<group>"; };
		D1753CF21FB1543F00267B35 /* SettingsVC.swift */ = {isa = PBXFileReference; lastKnownFileType = sourcecode.swift; path = SettingsVC.swift; sourceTree = "<group>"; };
		D1753CF41FB15B5C00267B35 /* EditAccountVC.swift */ = {isa = PBXFileReference; lastKnownFileType = sourcecode.swift; path = EditAccountVC.swift; sourceTree = "<group>"; };
		D192E4DC204A4C79004519D9 /* CountryList.framework */ = {isa = PBXFileReference; explicitFileType = wrapper.framework; path = CountryList.framework; sourceTree = BUILT_PRODUCTS_DIR; };
		D192E4DE204A4C90004519D9 /* GSMessages.framework */ = {isa = PBXFileReference; explicitFileType = wrapper.framework; path = GSMessages.framework; sourceTree = BUILT_PRODUCTS_DIR; };
		D1D66D662071B8860087D41C /* ImageButton.swift */ = {isa = PBXFileReference; lastKnownFileType = sourcecode.swift; path = ImageButton.swift; sourceTree = "<group>"; };
		D1E306752008210B000A5845 /* InviteVC.swift */ = {isa = PBXFileReference; lastKnownFileType = sourcecode.swift; path = InviteVC.swift; sourceTree = "<group>"; };
		D1EAD2E520E950A3008A9135 /* UserListViewModel.swift */ = {isa = PBXFileReference; lastKnownFileType = sourcecode.swift; path = UserListViewModel.swift; sourceTree = "<group>"; };
		D1EAD2E820E9F301008A9135 /* Haptics.swift */ = {isa = PBXFileReference; lastKnownFileType = sourcecode.swift; path = Haptics.swift; sourceTree = "<group>"; };
		D1EAD2EA20EBD476008A9135 /* UICreator.swift */ = {isa = PBXFileReference; lastKnownFileType = sourcecode.swift; path = UICreator.swift; sourceTree = "<group>"; };
		D1F7A7771FCB49DE00D5C440 /* EmbeddedCollectionViewCell.swift */ = {isa = PBXFileReference; lastKnownFileType = sourcecode.swift; path = EmbeddedCollectionViewCell.swift; sourceTree = "<group>"; };
		D1F8AB2920A3E9220050AA05 /* CodeVC.swift */ = {isa = PBXFileReference; lastKnownFileType = sourcecode.swift; path = CodeVC.swift; sourceTree = "<group>"; };
		D1FDA77920326C5A006D2CBF /* ForgotPasswordVC.swift */ = {isa = PBXFileReference; lastKnownFileType = sourcecode.swift; path = ForgotPasswordVC.swift; sourceTree = "<group>"; };
		D386EF156C883DFB734B79BB /* Pods-SparenTests.debug.xcconfig */ = {isa = PBXFileReference; includeInIndex = 1; lastKnownFileType = text.xcconfig; name = "Pods-SparenTests.debug.xcconfig"; path = "Pods/Target Support Files/Pods-SparenTests/Pods-SparenTests.debug.xcconfig"; sourceTree = "<group>"; };
		EA7E8AC21D5A3DA29D6E0ED0 /* Pods_SparenUITests.framework */ = {isa = PBXFileReference; explicitFileType = wrapper.framework; includeInIndex = 0; path = Pods_SparenUITests.framework; sourceTree = BUILT_PRODUCTS_DIR; };
		EFF0466777C118EC2563E02A /* Pods-SparenTests.release.xcconfig */ = {isa = PBXFileReference; includeInIndex = 1; lastKnownFileType = text.xcconfig; name = "Pods-SparenTests.release.xcconfig"; path = "Pods/Target Support Files/Pods-SparenTests/Pods-SparenTests.release.xcconfig"; sourceTree = "<group>"; };
/* End PBXFileReference section */

/* Begin PBXFrameworksBuildPhase section */
		6D0CCE011FAD70E900DF5F13 /* Frameworks */ = {
			isa = PBXFrameworksBuildPhase;
			buildActionMask = 2147483647;
			files = (
				A5BBE40F5DDEC45738CC7490 /* Pods_Sparen.framework in Frameworks */,
			);
			runOnlyForDeploymentPostprocessing = 0;
		};
		6D0CCE151FAD70E900DF5F13 /* Frameworks */ = {
			isa = PBXFrameworksBuildPhase;
			buildActionMask = 2147483647;
			files = (
				7E04A24561F9065304C6E784 /* Pods_SparenTests.framework in Frameworks */,
			);
			runOnlyForDeploymentPostprocessing = 0;
		};
		6D0CCE201FAD70E900DF5F13 /* Frameworks */ = {
			isa = PBXFrameworksBuildPhase;
			buildActionMask = 2147483647;
			files = (
				D767618869E0A77E499D2263 /* Pods_SparenUITests.framework in Frameworks */,
			);
			runOnlyForDeploymentPostprocessing = 0;
		};
/* End PBXFrameworksBuildPhase section */

/* Begin PBXGroup section */
		2436D564F2EDEB4335DF7462 /* Pods */ = {
			isa = PBXGroup;
			children = (
				87C2CC8784914F1C08639150 /* Pods-Sparen.debug.xcconfig */,
				58DB486847BD92FFA1FAE730 /* Pods-Sparen.release.xcconfig */,
				D386EF156C883DFB734B79BB /* Pods-SparenTests.debug.xcconfig */,
				EFF0466777C118EC2563E02A /* Pods-SparenTests.release.xcconfig */,
				4D307B6D4B55459502B6C3F3 /* Pods-SparenUITests.debug.xcconfig */,
				226EBE804BFCC86852AFB1FD /* Pods-SparenUITests.release.xcconfig */,
			);
			name = Pods;
			sourceTree = "<group>";
		};
		411F650BA35A34C9C43FBDCC /* Frameworks */ = {
			isa = PBXGroup;
			children = (
				D192E4DE204A4C90004519D9 /* GSMessages.framework */,
				D192E4DC204A4C79004519D9 /* CountryList.framework */,
				BFB1BFDD25B40D6B111D7A4D /* Pods_Sparen.framework */,
				205324F3E901E8629CFD0E12 /* Pods_SparenTests.framework */,
				EA7E8AC21D5A3DA29D6E0ED0 /* Pods_SparenUITests.framework */,
			);
			name = Frameworks;
			sourceTree = "<group>";
		};
		6D0CCDFB1FAD70E900DF5F13 = {
			isa = PBXGroup;
			children = (
				6D0CCE061FAD70E900DF5F13 /* Sparen */,
				6D0CCE1B1FAD70E900DF5F13 /* CircleTests */,
				6D0CCE261FAD70E900DF5F13 /* CircleUITests */,
				6D0CCE051FAD70E900DF5F13 /* Products */,
				411F650BA35A34C9C43FBDCC /* Frameworks */,
				2436D564F2EDEB4335DF7462 /* Pods */,
			);
			sourceTree = "<group>";
		};
		6D0CCE051FAD70E900DF5F13 /* Products */ = {
			isa = PBXGroup;
			children = (
				6D0CCE041FAD70E900DF5F13 /* Sparen.app */,
				6D0CCE181FAD70E900DF5F13 /* SparenTests.xctest */,
				6D0CCE231FAD70E900DF5F13 /* SparenUITests.xctest */,
			);
			name = Products;
			sourceTree = "<group>";
		};
		6D0CCE061FAD70E900DF5F13 /* Sparen */ = {
			isa = PBXGroup;
			children = (
				6D0CCE131FAD70E900DF5F13 /* Info.plist */,
				D12B604E211228B100B5636B /* GoogleService-Info.plist */,
				D12B604D211208D500B5636B /* Sparen.entitlements */,
				D11B9AAB20D487BA00543538 /* firework.json */,
				D1EAD2E720E9F2EA008A9135 /* Haptics */,
				6D0CCE0E1FAD70E900DF5F13 /* Assets.xcassets */,
				D1EAD2E220E95051008A9135 /* Storyboards */,
				6D0CCE071FAD70E900DF5F13 /* AppDelegate.swift */,
				D106B6971FCDEAF2002CCEBC /* Sparen-Bridging-Header.h */,
				D153C96620BB14EC0007C3F5 /* SectionController */,
				D1753CF71FB15E8500267B35 /* Controller */,
				6D0CCE511FAE7F2200DF5F13 /* Views */,
				D16D05011FB0A26800153D99 /* Model */,
				D1EAD2E420E95083008A9135 /* View Model */,
				D169383D1FB38D080095F5A7 /* Others */,
				6D0CCE4A1FAE2B9300DF5F13 /* Utility */,
			);
			path = Sparen;
			sourceTree = "<group>";
		};
		6D0CCE1B1FAD70E900DF5F13 /* CircleTests */ = {
			isa = PBXGroup;
			children = (
				6D0CCE1C1FAD70E900DF5F13 /* CircleTests.swift */,
				6D0CCE1E1FAD70E900DF5F13 /* Info.plist */,
			);
			path = CircleTests;
			sourceTree = "<group>";
		};
		6D0CCE261FAD70E900DF5F13 /* CircleUITests */ = {
			isa = PBXGroup;
			children = (
				6D0CCE271FAD70E900DF5F13 /* CircleUITests.swift */,
				6D0CCE291FAD70E900DF5F13 /* Info.plist */,
			);
			path = CircleUITests;
			sourceTree = "<group>";
		};
		6D0CCE3E1FAE05EB00DF5F13 /* Main */ = {
			isa = PBXGroup;
			children = (
				D165407A202EB79F00B2A1F5 /* PendingVC.swift */,
				D1753CF41FB15B5C00267B35 /* EditAccountVC.swift */,
			);
			path = Main;
			sourceTree = "<group>";
		};
		6D0CCE471FAE132800DF5F13 /* Services */ = {
			isa = PBXGroup;
			children = (
				6D0CCE451FAE11E100DF5F13 /* AuthService.swift */,
				6D0CCE481FAE134700DF5F13 /* apiService.swift */,
			);
			path = Services;
			sourceTree = "<group>";
		};
		6D0CCE4A1FAE2B9300DF5F13 /* Utility */ = {
			isa = PBXGroup;
			children = (
				6D0CCE4B1FAE2B9F00DF5F13 /* Constant.swift */,
				D100D9B7200B981400CAEB83 /* Alert.swift */,
				D15586D02015885D00E4984B /* UIColor+Palette.swift */,
				D1EAD2EA20EBD476008A9135 /* UICreator.swift */,
				D1420A6320F6964100E0C54E /* ErrorHandler.swift */,
				D109DE0120FD12F70076379F /* Device.swift */,
			);
			path = Utility;
			sourceTree = "<group>";
		};
		6D0CCE511FAE7F2200DF5F13 /* Views */ = {
			isa = PBXGroup;
			children = (
				D10880BF20E421AE007727B2 /* SettingsCell */,
				D10880B520DC5802007727B2 /* IntroView.swift */,
				D17197F7200E63AF009BC920 /* UI */,
				D17197FA200E7159009BC920 /* AKMaskField */,
				D169383C1FB38CDC0095F5A7 /* Cell */,
				6D0CCE351FAD715C00DF5F13 /* CircleLayout.swift */,
				6D0CCE521FAE7FCC00DF5F13 /* View.swift */,
				D11775EC200CFB9E00B1953C /* ActivityIndicator.swift */,
				D17197EF200E51A5009BC920 /* LoadingButton.swift */,
			);
			path = Views;
			sourceTree = "<group>";
		};
		D10880BF20E421AE007727B2 /* SettingsCell */ = {
			isa = PBXGroup;
			children = (
				D10880C020E421C0007727B2 /* ProfileImageCell.swift */,
			);
			path = SettingsCell;
			sourceTree = "<group>";
		};
		D10A6DB3203B521800E7AEB5 /* Settings */ = {
			isa = PBXGroup;
			children = (
				D1753CF21FB1543F00267B35 /* SettingsVC.swift */,
			);
			path = Settings;
			sourceTree = "<group>";
		};
		D10BB2A820196554004F5262 /* FlowSinUp */ = {
			isa = PBXGroup;
			children = (
				D142F1CD200D18E500DBA881 /* ContactInfoVC.swift */,
				D17197ED200E40AE009BC920 /* VericationPhoneVC.swift */,
				D171981F200E852B009BC920 /* NamePasswordVC.swift */,
				D17197F4200E632C009BC920 /* BankAccountVC.swift */,
				D15DA0BB2049E2E6008BA9DE /* ChooseBankVC.swift */,
				D12B97442030D313001B44FB /* LoginVC.swift */,
				D1FDA77920326C5A006D2CBF /* ForgotPasswordVC.swift */,
				D1F8AB2920A3E9220050AA05 /* CodeVC.swift */,
			);
			name = FlowSinUp;
			path = FlowSinuP;
			sourceTree = "<group>";
		};
		D10BE0A72037A80400B83560 /* Onboarding2 */ = {
			isa = PBXGroup;
			children = (
				D1619200202814AD0073C8B8 /* WelcomeVC.swift */,
				D10A6DAB2039BB9300E7AEB5 /* InviteVCTwo.swift */,
				D10BDC1A20420E4300D22860 /* PhoneVCTwo.swift */,
			);
			path = Onboarding2;
			sourceTree = "<group>";
		};
		D142F1CB200D186700DBA881 /* Onboarding */ = {
			isa = PBXGroup;
			children = (
				D11775E6200CE23800B1953C /* PageViewController.swift */,
				D11775E8200CE68500B1953C /* PageOneVC.swift */,
				D11775EA200CE69200B1953C /* PageTwoVC.swift */,
				D11775EE200D03AB00B1953C /* PageThreeVC.swift */,
			);
			path = Onboarding;
			sourceTree = "<group>";
		};
		D142F1CC200D189000DBA881 /* Inivite */ = {
			isa = PBXGroup;
			children = (
				D1E306752008210B000A5845 /* InviteVC.swift */,
			);
			path = Inivite;
			sourceTree = "<group>";
		};
		D142F1CF200D1D0100DBA881 /* UItextField */ = {
			isa = PBXGroup;
			children = (
				D142F1D0200D1D1400DBA881 /* TextFieldRect.swift */,
				D1719821200F8AC7009BC920 /* BackgroundTextField.swift */,
				D171982A200F927B009BC920 /* CardField.swift */,
			);
			path = UItextField;
			sourceTree = "<group>";
		};
		D153C96620BB14EC0007C3F5 /* SectionController */ = {
			isa = PBXGroup;
			children = (
				D153C96720BB15040007C3F5 /* CircleInsightSection.swift */,
				D153C96920BDB7C00007C3F5 /* NextPayoutSection.swift */,
				D153C96D20BF90050007C3F5 /* AmountsSection.swift */,
				D153C97620C088950007C3F5 /* HeaderSection.swift */,
				D1669CEB20CD9FE40006FC9B /* UpperSection.swift */,
				D1669CEF20CE7BCA0006FC9B /* SelectedUsersSection.swift */,
				D1185C1120D075FC0007DDB8 /* SetupCircleSection.swift */,
				D10880B920DC6413007727B2 /* FinishCircleSection.swift */,
				D10880BD20E420A8007727B2 /* EditAccountSection.swift */,
			);
			path = SectionController;
			sourceTree = "<group>";
		};
		D165407E203098E600B2A1F5 /* UIImageView */ = {
			isa = PBXGroup;
			children = (
				D165407F2030990700B2A1F5 /* ChooseImageView.swift */,
			);
			path = UIImageView;
			sourceTree = "<group>";
		};
		D169383C1FB38CDC0095F5A7 /* Cell */ = {
			isa = PBXGroup;
			children = (
				D10880B720DC5986007727B2 /* SettingsCell.swift */,
				D10D855220E5AB8600006176 /* DragCell.swift */,
				D1F7A7771FCB49DE00D5C440 /* EmbeddedCollectionViewCell.swift */,
				D100D9AF200A13E500CAEB83 /* ContactCell.swift */,
				D10AC8DA207BF50D0076F34E /* CircleInsightCell.swift */,
				D153C96B20BDB7E90007C3F5 /* NextPayoutCell.swift */,
				D153C96F20BF903F0007C3F5 /* AmountsCell.swift */,
				D11F27ED20C61C0F00F47474 /* InviteCell.swift */,
				D1669CED20CDA0240006FC9B /* SelectedUserCell.swift */,
				D1185C1320D08C320007DDB8 /* MonthlyAmoutCell.swift */,
				D10880BB20DC646C007727B2 /* FinishMessageCell.swift */,
				D10D855420E5B00300006176 /* CircleUserCell.swift */,
			);
			path = Cell;
			sourceTree = "<group>";
		};
		D169383D1FB38D080095F5A7 /* Others */ = {
			isa = PBXGroup;
			children = (
				6D0CCE471FAE132800DF5F13 /* Services */,
			);
			path = Others;
			sourceTree = "<group>";
		};
		D16D05011FB0A26800153D99 /* Model */ = {
			isa = PBXGroup;
			children = (
				D16D05021FB0A27A00153D99 /* User.swift */,
				D100D9AB2009F9B700CAEB83 /* UserContact.swift */,
				D16938381FB386830095F5A7 /* Circle.swift */,
				D1669CE920CD4F840006FC9B /* Insight.swift */,
				D10D855020E59D1000006176 /* ViewModelItem.swift */,
			);
			name = Model;
			path = Model/Model;
			sourceTree = "<group>";
		};
		D17197F1200E6035009BC920 /* UIButton */ = {
			isa = PBXGroup;
			children = (
				D17197F2200E6052009BC920 /* LogButton.swift */,
				D10A6DB4203E2CAA00E7AEB5 /* OptionButton.swift */,
				D1D66D662071B8860087D41C /* ImageButton.swift */,
			);
			path = UIButton;
			sourceTree = "<group>";
		};
		D17197F7200E63AF009BC920 /* UI */ = {
			isa = PBXGroup;
			children = (
				D165407E203098E600B2A1F5 /* UIImageView */,
				D1719823200F8CAD009BC920 /* UILabel */,
				D17197F1200E6035009BC920 /* UIButton */,
				D142F1CF200D1D0100DBA881 /* UItextField */,
				D108D21B2027A82A00679ACE /* CircleView.swift */,
			);
			path = UI;
			sourceTree = "<group>";
		};
		D17197FA200E7159009BC920 /* AKMaskField */ = {
			isa = PBXGroup;
			children = (
				D171980D200E7259009BC920 /* AKMaskField.h */,
				D171980C200E7259009BC920 /* AKMaskField.swift */,
				D1719812200E725A009BC920 /* AKMaskFieldBlock.swift */,
				D171980E200E725A009BC920 /* AKMaskFieldBlockCharacter.swift */,
				D1719810200E725A009BC920 /* AKMaskFieldBrackets.swift */,
				D1719811200E725A009BC920 /* AKMaskFieldEvent.swift */,
				D171980F200E725A009BC920 /* AKMaskFieldPatternCharacter.swift */,
				D171980B200E7259009BC920 /* AKMaskFieldStatus.swift */,
				D1719813200E725A009BC920 /* AKMaskFieldUtility.swift */,
			);
			path = AKMaskField;
			sourceTree = "<group>";
		};
		D171981E200E849D009BC920 /* Sign Up */ = {
			isa = PBXGroup;
			children = (
				6D0CCE5B1FAFD0AF00DF5F13 /* LoginViewController.swift */,
				D10BB2A820196554004F5262 /* FlowSinUp */,
				D142F1CC200D189000DBA881 /* Inivite */,
				D142F1CB200D186700DBA881 /* Onboarding */,
			);
			path = "Sign Up";
			sourceTree = "<group>";
		};
		D1719823200F8CAD009BC920 /* UILabel */ = {
			isa = PBXGroup;
			children = (
				D1719824200F8F17009BC920 /* Headline.swift */,
				D1719828200F91FB009BC920 /* Subhead.swift */,
				D171982C200F95CC009BC920 /* Footnote.swift */,
				D153C96420BAFD050007C3F5 /* Transform.swift */,
			);
			path = UILabel;
			sourceTree = "<group>";
		};
		D1753CF71FB15E8500267B35 /* Controller */ = {
			isa = PBXGroup;
			children = (
				D10A6DB3203B521800E7AEB5 /* Settings */,
				D10BE0A72037A80400B83560 /* Onboarding2 */,
				D171981E200E849D009BC920 /* Sign Up */,
				6D0CCE3E1FAE05EB00DF5F13 /* Main */,
			);
			path = Controller;
			sourceTree = "<group>";
		};
		D1EAD2E220E95051008A9135 /* Storyboards */ = {
			isa = PBXGroup;
			children = (
				6D0CCE0B1FAD70E900DF5F13 /* Main.storyboard */,
				6D0CCE391FADF29A00DF5F13 /* Log.storyboard */,
				6D0CCE101FAD70E900DF5F13 /* LaunchScreen.storyboard */,
			);
			path = Storyboards;
			sourceTree = "<group>";
		};
		D1EAD2E420E95083008A9135 /* View Model */ = {
			isa = PBXGroup;
			children = (
				D1EAD2E520E950A3008A9135 /* UserListViewModel.swift */,
			);
			path = "View Model";
			sourceTree = "<group>";
		};
		D1EAD2E720E9F2EA008A9135 /* Haptics */ = {
			isa = PBXGroup;
			children = (
				D1EAD2E820E9F301008A9135 /* Haptics.swift */,
			);
			path = Haptics;
			sourceTree = "<group>";
		};
/* End PBXGroup section */

/* Begin PBXNativeTarget section */
		6D0CCE031FAD70E900DF5F13 /* Sparen */ = {
			isa = PBXNativeTarget;
			buildConfigurationList = 6D0CCE2C1FAD70E900DF5F13 /* Build configuration list for PBXNativeTarget "Sparen" */;
			buildPhases = (
				ED849FFDB6D0F66D754753A3 /* [CP] Check Pods Manifest.lock */,
				6D0CCE001FAD70E900DF5F13 /* Sources */,
				6D0CCE011FAD70E900DF5F13 /* Frameworks */,
				6D0CCE021FAD70E900DF5F13 /* Resources */,
				D192E4DA204A43E9004519D9 /* Prepare for Distribution */,
				D18DA37C20B19AF10079F2A4 /* ShellScript */,
				757F11CC6A62B0B7DD763508 /* [CP] Embed Pods Frameworks */,
			);
			buildRules = (
			);
			dependencies = (
			);
			name = Sparen;
			productName = Circle;
			productReference = 6D0CCE041FAD70E900DF5F13 /* Sparen.app */;
			productType = "com.apple.product-type.application";
		};
		6D0CCE171FAD70E900DF5F13 /* SparenTests */ = {
			isa = PBXNativeTarget;
			buildConfigurationList = 6D0CCE2F1FAD70E900DF5F13 /* Build configuration list for PBXNativeTarget "SparenTests" */;
			buildPhases = (
				B3FF53A5CE4F0E03A1A8EE71 /* [CP] Check Pods Manifest.lock */,
				6D0CCE141FAD70E900DF5F13 /* Sources */,
				6D0CCE151FAD70E900DF5F13 /* Frameworks */,
				6D0CCE161FAD70E900DF5F13 /* Resources */,
			);
			buildRules = (
			);
			dependencies = (
				6D0CCE1A1FAD70E900DF5F13 /* PBXTargetDependency */,
			);
			name = SparenTests;
			productName = CircleTests;
			productReference = 6D0CCE181FAD70E900DF5F13 /* SparenTests.xctest */;
			productType = "com.apple.product-type.bundle.unit-test";
		};
		6D0CCE221FAD70E900DF5F13 /* SparenUITests */ = {
			isa = PBXNativeTarget;
			buildConfigurationList = 6D0CCE321FAD70E900DF5F13 /* Build configuration list for PBXNativeTarget "SparenUITests" */;
			buildPhases = (
				42D6EDB5FAE5F49E047D3690 /* [CP] Check Pods Manifest.lock */,
				6D0CCE1F1FAD70E900DF5F13 /* Sources */,
				6D0CCE201FAD70E900DF5F13 /* Frameworks */,
				6D0CCE211FAD70E900DF5F13 /* Resources */,
			);
			buildRules = (
			);
			dependencies = (
				6D0CCE251FAD70E900DF5F13 /* PBXTargetDependency */,
			);
			name = SparenUITests;
			productName = CircleUITests;
			productReference = 6D0CCE231FAD70E900DF5F13 /* SparenUITests.xctest */;
			productType = "com.apple.product-type.bundle.ui-testing";
		};
/* End PBXNativeTarget section */

/* Begin PBXProject section */
		6D0CCDFC1FAD70E900DF5F13 /* Project object */ = {
			isa = PBXProject;
			attributes = {
				LastSwiftUpdateCheck = 0900;
				LastUpgradeCheck = 0930;
				ORGANIZATIONNAME = "Kerby Jean";
				TargetAttributes = {
					6D0CCE031FAD70E900DF5F13 = {
						CreatedOnToolsVersion = 9.0.1;
						LastSwiftMigration = 0910;
						ProvisioningStyle = Automatic;
						SystemCapabilities = {
							com.apple.BackgroundModes = {
								enabled = 1;
							};
							com.apple.DataProtection = {
								enabled = 1;
							};
							com.apple.Push = {
								enabled = 1;
							};
							com.apple.SafariKeychain = {
								enabled = 1;
							};
						};
					};
					6D0CCE171FAD70E900DF5F13 = {
						CreatedOnToolsVersion = 9.0.1;
						ProvisioningStyle = Automatic;
						TestTargetID = 6D0CCE031FAD70E900DF5F13;
					};
					6D0CCE221FAD70E900DF5F13 = {
						CreatedOnToolsVersion = 9.0.1;
						ProvisioningStyle = Automatic;
						TestTargetID = 6D0CCE031FAD70E900DF5F13;
					};
				};
			};
			buildConfigurationList = 6D0CCDFF1FAD70E900DF5F13 /* Build configuration list for PBXProject "Sparen" */;
			compatibilityVersion = "Xcode 8.0";
			developmentRegion = en;
			hasScannedForEncodings = 0;
			knownRegions = (
				en,
				Base,
			);
			mainGroup = 6D0CCDFB1FAD70E900DF5F13;
			productRefGroup = 6D0CCE051FAD70E900DF5F13 /* Products */;
			projectDirPath = "";
			projectRoot = "";
			targets = (
				6D0CCE031FAD70E900DF5F13 /* Sparen */,
				6D0CCE171FAD70E900DF5F13 /* SparenTests */,
				6D0CCE221FAD70E900DF5F13 /* SparenUITests */,
			);
		};
/* End PBXProject section */

/* Begin PBXResourcesBuildPhase section */
		6D0CCE021FAD70E900DF5F13 /* Resources */ = {
			isa = PBXResourcesBuildPhase;
			buildActionMask = 2147483647;
			files = (
				D11B9AAC20D487BB00543538 /* firework.json in Resources */,
				6D0CCE121FAD70E900DF5F13 /* LaunchScreen.storyboard in Resources */,
				6D0CCE0F1FAD70E900DF5F13 /* Assets.xcassets in Resources */,
				6D0CCE0D1FAD70E900DF5F13 /* Main.storyboard in Resources */,
				6D0CCE3A1FADF29A00DF5F13 /* Log.storyboard in Resources */,
				D12B604F211228B200B5636B /* GoogleService-Info.plist in Resources */,
			);
			runOnlyForDeploymentPostprocessing = 0;
		};
		6D0CCE161FAD70E900DF5F13 /* Resources */ = {
			isa = PBXResourcesBuildPhase;
			buildActionMask = 2147483647;
			files = (
			);
			runOnlyForDeploymentPostprocessing = 0;
		};
		6D0CCE211FAD70E900DF5F13 /* Resources */ = {
			isa = PBXResourcesBuildPhase;
			buildActionMask = 2147483647;
			files = (
			);
			runOnlyForDeploymentPostprocessing = 0;
		};
/* End PBXResourcesBuildPhase section */

/* Begin PBXShellScriptBuildPhase section */
		42D6EDB5FAE5F49E047D3690 /* [CP] Check Pods Manifest.lock */ = {
			isa = PBXShellScriptBuildPhase;
			buildActionMask = 2147483647;
			files = (
			);
			inputPaths = (
				"${PODS_PODFILE_DIR_PATH}/Podfile.lock",
				"${PODS_ROOT}/Manifest.lock",
			);
			name = "[CP] Check Pods Manifest.lock";
			outputPaths = (
				"$(DERIVED_FILE_DIR)/Pods-SparenUITests-checkManifestLockResult.txt",
			);
			runOnlyForDeploymentPostprocessing = 0;
			shellPath = /bin/sh;
			shellScript = "diff \"${PODS_PODFILE_DIR_PATH}/Podfile.lock\" \"${PODS_ROOT}/Manifest.lock\" > /dev/null\nif [ $? != 0 ] ; then\n    # print error to STDERR\n    echo \"error: The sandbox is not in sync with the Podfile.lock. Run 'pod install' or update your CocoaPods installation.\" >&2\n    exit 1\nfi\n# This output is used by Xcode 'outputs' to avoid re-running this script phase.\necho \"SUCCESS\" > \"${SCRIPT_OUTPUT_FILE_0}\"\n";
			showEnvVarsInLog = 0;
		};
		757F11CC6A62B0B7DD763508 /* [CP] Embed Pods Frameworks */ = {
			isa = PBXShellScriptBuildPhase;
			buildActionMask = 2147483647;
			files = (
			);
			inputPaths = (
				"${SRCROOT}/Pods/Target Support Files/Pods-Sparen/Pods-Sparen-frameworks.sh",
				"${BUILT_PRODUCTS_DIR}/BoringSSL/openssl.framework",
				"${BUILT_PRODUCTS_DIR}/Cartography/Cartography.framework",
				"${BUILT_PRODUCTS_DIR}/CountryList/CountryList.framework",
				"${BUILT_PRODUCTS_DIR}/GTMSessionFetcher/GTMSessionFetcher.framework",
				"${BUILT_PRODUCTS_DIR}/GoogleToolboxForMac/GoogleToolboxForMac.framework",
				"${BUILT_PRODUCTS_DIR}/HGCircularSlider/HGCircularSlider.framework",
				"${BUILT_PRODUCTS_DIR}/IGListKit/IGListKit.framework",
				"${BUILT_PRODUCTS_DIR}/IQKeyboardManager/IQKeyboardManager.framework",
				"${BUILT_PRODUCTS_DIR}/IQKeyboardManagerSwift/IQKeyboardManagerSwift.framework",
				"${PODS_ROOT}/Plaid/ios/LinkKit.framework",
				"${BUILT_PRODUCTS_DIR}/Protobuf/Protobuf.framework",
				"${BUILT_PRODUCTS_DIR}/SDWebImage/SDWebImage.framework",
				"${BUILT_PRODUCTS_DIR}/Stripe/Stripe.framework",
				"${BUILT_PRODUCTS_DIR}/gRPC/GRPCClient.framework",
				"${BUILT_PRODUCTS_DIR}/gRPC-Core/grpc.framework",
				"${BUILT_PRODUCTS_DIR}/gRPC-ProtoRPC/ProtoRPC.framework",
				"${BUILT_PRODUCTS_DIR}/gRPC-RxLibrary/RxLibrary.framework",
				"${BUILT_PRODUCTS_DIR}/leveldb-library/leveldb.framework",
				"${BUILT_PRODUCTS_DIR}/lottie-ios/Lottie.framework",
				"${BUILT_PRODUCTS_DIR}/nanopb/nanopb.framework",
			);
			name = "[CP] Embed Pods Frameworks";
			outputPaths = (
				"${TARGET_BUILD_DIR}/${FRAMEWORKS_FOLDER_PATH}/openssl.framework",
				"${TARGET_BUILD_DIR}/${FRAMEWORKS_FOLDER_PATH}/Cartography.framework",
				"${TARGET_BUILD_DIR}/${FRAMEWORKS_FOLDER_PATH}/CountryList.framework",
				"${TARGET_BUILD_DIR}/${FRAMEWORKS_FOLDER_PATH}/GTMSessionFetcher.framework",
				"${TARGET_BUILD_DIR}/${FRAMEWORKS_FOLDER_PATH}/GoogleToolboxForMac.framework",
				"${TARGET_BUILD_DIR}/${FRAMEWORKS_FOLDER_PATH}/HGCircularSlider.framework",
				"${TARGET_BUILD_DIR}/${FRAMEWORKS_FOLDER_PATH}/IGListKit.framework",
				"${TARGET_BUILD_DIR}/${FRAMEWORKS_FOLDER_PATH}/IQKeyboardManager.framework",
				"${TARGET_BUILD_DIR}/${FRAMEWORKS_FOLDER_PATH}/IQKeyboardManagerSwift.framework",
				"${TARGET_BUILD_DIR}/${FRAMEWORKS_FOLDER_PATH}/LinkKit.framework",
				"${TARGET_BUILD_DIR}/${FRAMEWORKS_FOLDER_PATH}/Protobuf.framework",
				"${TARGET_BUILD_DIR}/${FRAMEWORKS_FOLDER_PATH}/SDWebImage.framework",
				"${TARGET_BUILD_DIR}/${FRAMEWORKS_FOLDER_PATH}/Stripe.framework",
				"${TARGET_BUILD_DIR}/${FRAMEWORKS_FOLDER_PATH}/GRPCClient.framework",
				"${TARGET_BUILD_DIR}/${FRAMEWORKS_FOLDER_PATH}/grpc.framework",
				"${TARGET_BUILD_DIR}/${FRAMEWORKS_FOLDER_PATH}/ProtoRPC.framework",
				"${TARGET_BUILD_DIR}/${FRAMEWORKS_FOLDER_PATH}/RxLibrary.framework",
				"${TARGET_BUILD_DIR}/${FRAMEWORKS_FOLDER_PATH}/leveldb.framework",
				"${TARGET_BUILD_DIR}/${FRAMEWORKS_FOLDER_PATH}/Lottie.framework",
				"${TARGET_BUILD_DIR}/${FRAMEWORKS_FOLDER_PATH}/nanopb.framework",
			);
			runOnlyForDeploymentPostprocessing = 0;
			shellPath = /bin/sh;
			shellScript = "\"${SRCROOT}/Pods/Target Support Files/Pods-Sparen/Pods-Sparen-frameworks.sh\"\n";
			showEnvVarsInLog = 0;
		};
		B3FF53A5CE4F0E03A1A8EE71 /* [CP] Check Pods Manifest.lock */ = {
			isa = PBXShellScriptBuildPhase;
			buildActionMask = 2147483647;
			files = (
			);
			inputPaths = (
				"${PODS_PODFILE_DIR_PATH}/Podfile.lock",
				"${PODS_ROOT}/Manifest.lock",
			);
			name = "[CP] Check Pods Manifest.lock";
			outputPaths = (
				"$(DERIVED_FILE_DIR)/Pods-SparenTests-checkManifestLockResult.txt",
			);
			runOnlyForDeploymentPostprocessing = 0;
			shellPath = /bin/sh;
			shellScript = "diff \"${PODS_PODFILE_DIR_PATH}/Podfile.lock\" \"${PODS_ROOT}/Manifest.lock\" > /dev/null\nif [ $? != 0 ] ; then\n    # print error to STDERR\n    echo \"error: The sandbox is not in sync with the Podfile.lock. Run 'pod install' or update your CocoaPods installation.\" >&2\n    exit 1\nfi\n# This output is used by Xcode 'outputs' to avoid re-running this script phase.\necho \"SUCCESS\" > \"${SCRIPT_OUTPUT_FILE_0}\"\n";
			showEnvVarsInLog = 0;
		};
		D18DA37C20B19AF10079F2A4 /* ShellScript */ = {
			isa = PBXShellScriptBuildPhase;
			buildActionMask = 2147483647;
			files = (
			);
			inputPaths = (
			);
			outputPaths = (
			);
			runOnlyForDeploymentPostprocessing = 0;
			shellPath = /bin/sh;
			shellScript = "";
		};
		D192E4DA204A43E9004519D9 /* Prepare for Distribution */ = {
			isa = PBXShellScriptBuildPhase;
			buildActionMask = 2147483647;
			files = (
			);
			inputPaths = (
			);
			name = "Prepare for Distribution";
			outputPaths = (
			);
			runOnlyForDeploymentPostprocessing = 0;
			shellPath = /bin/sh;
			shellScript = "LINK_ROOT=${PODS_ROOT:+$PODS_ROOT/Plaid/ios}\nrm -f \"${LINK_ROOT:-$PROJECT_DIR}\"/LinkKit.framework/prepare_for_distribution.sh \"${CODESIGNING_FOLDER_PATH}\"/Frameworks/LinkKit.framework/prepare_for_distribution.sh";
		};
		ED849FFDB6D0F66D754753A3 /* [CP] Check Pods Manifest.lock */ = {
			isa = PBXShellScriptBuildPhase;
			buildActionMask = 2147483647;
			files = (
			);
			inputPaths = (
				"${PODS_PODFILE_DIR_PATH}/Podfile.lock",
				"${PODS_ROOT}/Manifest.lock",
			);
			name = "[CP] Check Pods Manifest.lock";
			outputPaths = (
				"$(DERIVED_FILE_DIR)/Pods-Sparen-checkManifestLockResult.txt",
			);
			runOnlyForDeploymentPostprocessing = 0;
			shellPath = /bin/sh;
			shellScript = "diff \"${PODS_PODFILE_DIR_PATH}/Podfile.lock\" \"${PODS_ROOT}/Manifest.lock\" > /dev/null\nif [ $? != 0 ] ; then\n    # print error to STDERR\n    echo \"error: The sandbox is not in sync with the Podfile.lock. Run 'pod install' or update your CocoaPods installation.\" >&2\n    exit 1\nfi\n# This output is used by Xcode 'outputs' to avoid re-running this script phase.\necho \"SUCCESS\" > \"${SCRIPT_OUTPUT_FILE_0}\"\n";
			showEnvVarsInLog = 0;
		};
/* End PBXShellScriptBuildPhase section */

/* Begin PBXSourcesBuildPhase section */
		6D0CCE001FAD70E900DF5F13 /* Sources */ = {
			isa = PBXSourcesBuildPhase;
			buildActionMask = 2147483647;
			files = (
				D1719818200E725A009BC920 /* AKMaskFieldBrackets.swift in Sources */,
				D10BDC1B20420E4300D22860 /* PhoneVCTwo.swift in Sources */,
				D11775E9200CE68500B1953C /* PageOneVC.swift in Sources */,
				D100D9AC2009F9B700CAEB83 /* UserContact.swift in Sources */,
				D1753CF31FB1543F00267B35 /* SettingsVC.swift in Sources */,
				D1719829200F91FB009BC920 /* Subhead.swift in Sources */,
				D10A6DB5203E2CAA00E7AEB5 /* OptionButton.swift in Sources */,
				D142F1D1200D1D1400DBA881 /* TextFieldRect.swift in Sources */,
				D17197F3200E6052009BC920 /* LogButton.swift in Sources */,
				D1619201202814AD0073C8B8 /* WelcomeVC.swift in Sources */,
				D10880BA20DC6413007727B2 /* FinishCircleSection.swift in Sources */,
				D11775E7200CE23800B1953C /* PageViewController.swift in Sources */,
				D1669CEE20CDA0240006FC9B /* SelectedUserCell.swift in Sources */,
				D171982B200F927B009BC920 /* CardField.swift in Sources */,
				D1420A6420F6964100E0C54E /* ErrorHandler.swift in Sources */,
				D16540802030990700B2A1F5 /* ChooseImageView.swift in Sources */,
				D11775EB200CE69200B1953C /* PageTwoVC.swift in Sources */,
				D17197F5200E632C009BC920 /* BankAccountVC.swift in Sources */,
				D1719820200E852B009BC920 /* NamePasswordVC.swift in Sources */,
				D1669CEA20CD4F840006FC9B /* Insight.swift in Sources */,
				D142F1CE200D18E500DBA881 /* ContactInfoVC.swift in Sources */,
				D100D9B1200A13E500CAEB83 /* ContactCell.swift in Sources */,
				D108D21C2027A82A00679ACE /* CircleView.swift in Sources */,
				D10D855320E5AB8700006176 /* DragCell.swift in Sources */,
				D1F8AB2A20A3E9220050AA05 /* CodeVC.swift in Sources */,
				D1669CEC20CD9FE40006FC9B /* UpperSection.swift in Sources */,
				6D0CCE5C1FAFD0AF00DF5F13 /* LoginViewController.swift in Sources */,
				D16D05031FB0A27A00153D99 /* User.swift in Sources */,
				6D0CCE4C1FAE2B9F00DF5F13 /* Constant.swift in Sources */,
				D11775ED200CFB9E00B1953C /* ActivityIndicator.swift in Sources */,
				D1D66D672071B8860087D41C /* ImageButton.swift in Sources */,
				6D0CCE361FAD715C00DF5F13 /* CircleLayout.swift in Sources */,
				D1669CF020CE7BCA0006FC9B /* SelectedUsersSection.swift in Sources */,
				D10D855520E5B00300006176 /* CircleUserCell.swift in Sources */,
				D1719815200E725A009BC920 /* AKMaskField.swift in Sources */,
				D15586D12015885D00E4984B /* UIColor+Palette.swift in Sources */,
				6D0CCE491FAE134700DF5F13 /* apiService.swift in Sources */,
				D165407B202EB79F00B2A1F5 /* PendingVC.swift in Sources */,
				D10D855120E59D1000006176 /* ViewModelItem.swift in Sources */,
				D10AC8DB207BF50D0076F34E /* CircleInsightCell.swift in Sources */,
				D1EAD2EB20EBD476008A9135 /* UICreator.swift in Sources */,
				D153C96C20BDB7E90007C3F5 /* NextPayoutCell.swift in Sources */,
				D1719817200E725A009BC920 /* AKMaskFieldPatternCharacter.swift in Sources */,
				D171981A200E725A009BC920 /* AKMaskFieldBlock.swift in Sources */,
				D153C97720C088950007C3F5 /* HeaderSection.swift in Sources */,
				D10A6DAC2039BB9300E7AEB5 /* InviteVCTwo.swift in Sources */,
				D17197F0200E51A5009BC920 /* LoadingButton.swift in Sources */,
				D1FDA77A20326C5A006D2CBF /* ForgotPasswordVC.swift in Sources */,
				D109DE0220FD12F80076379F /* Device.swift in Sources */,
				D10880C120E421C0007727B2 /* ProfileImageCell.swift in Sources */,
				D11F27EE20C61C0F00F47474 /* InviteCell.swift in Sources */,
				6D0CCE461FAE11E100DF5F13 /* AuthService.swift in Sources */,
				D100D9B8200B981400CAEB83 /* Alert.swift in Sources */,
				D1719814200E725A009BC920 /* AKMaskFieldStatus.swift in Sources */,
				D1719825200F8F17009BC920 /* Headline.swift in Sources */,
				D171981B200E725A009BC920 /* AKMaskFieldUtility.swift in Sources */,
				D10880B820DC5986007727B2 /* SettingsCell.swift in Sources */,
				D1E306762008210B000A5845 /* InviteVC.swift in Sources */,
				6D0CCE531FAE7FCC00DF5F13 /* View.swift in Sources */,
				D153C96520BAFD050007C3F5 /* Transform.swift in Sources */,
				D1F7A7781FCB49DE00D5C440 /* EmbeddedCollectionViewCell.swift in Sources */,
				D17197EE200E40AE009BC920 /* VericationPhoneVC.swift in Sources */,
				D16938391FB386830095F5A7 /* Circle.swift in Sources */,
				D153C96A20BDB7C00007C3F5 /* NextPayoutSection.swift in Sources */,
				D153C96E20BF90050007C3F5 /* AmountsSection.swift in Sources */,
				D1EAD2E920E9F301008A9135 /* Haptics.swift in Sources */,
				D153C97020BF903F0007C3F5 /* AmountsCell.swift in Sources */,
				D1719816200E725A009BC920 /* AKMaskFieldBlockCharacter.swift in Sources */,
				D1753CF51FB15B5C00267B35 /* EditAccountVC.swift in Sources */,
				D12B97452030D313001B44FB /* LoginVC.swift in Sources */,
				D171982D200F95CC009BC920 /* Footnote.swift in Sources */,
				D15DA0BC2049E2E6008BA9DE /* ChooseBankVC.swift in Sources */,
				D1185C1220D075FC0007DDB8 /* SetupCircleSection.swift in Sources */,
				D1185C1420D08C320007DDB8 /* MonthlyAmoutCell.swift in Sources */,
				D11775EF200D03AB00B1953C /* PageThreeVC.swift in Sources */,
				D10880B620DC5803007727B2 /* IntroView.swift in Sources */,
				D1EAD2E620E950A3008A9135 /* UserListViewModel.swift in Sources */,
				D1719822200F8AC7009BC920 /* BackgroundTextField.swift in Sources */,
				D153C96820BB15040007C3F5 /* CircleInsightSection.swift in Sources */,
				D10880BC20DC646C007727B2 /* FinishMessageCell.swift in Sources */,
				D10880BE20E420A9007727B2 /* EditAccountSection.swift in Sources */,
				D1719819200E725A009BC920 /* AKMaskFieldEvent.swift in Sources */,
				6D0CCE081FAD70E900DF5F13 /* AppDelegate.swift in Sources */,
			);
			runOnlyForDeploymentPostprocessing = 0;
		};
		6D0CCE141FAD70E900DF5F13 /* Sources */ = {
			isa = PBXSourcesBuildPhase;
			buildActionMask = 2147483647;
			files = (
				6D0CCE1D1FAD70E900DF5F13 /* CircleTests.swift in Sources */,
			);
			runOnlyForDeploymentPostprocessing = 0;
		};
		6D0CCE1F1FAD70E900DF5F13 /* Sources */ = {
			isa = PBXSourcesBuildPhase;
			buildActionMask = 2147483647;
			files = (
				6D0CCE281FAD70E900DF5F13 /* CircleUITests.swift in Sources */,
			);
			runOnlyForDeploymentPostprocessing = 0;
		};
/* End PBXSourcesBuildPhase section */

/* Begin PBXTargetDependency section */
		6D0CCE1A1FAD70E900DF5F13 /* PBXTargetDependency */ = {
			isa = PBXTargetDependency;
			target = 6D0CCE031FAD70E900DF5F13 /* Sparen */;
			targetProxy = 6D0CCE191FAD70E900DF5F13 /* PBXContainerItemProxy */;
		};
		6D0CCE251FAD70E900DF5F13 /* PBXTargetDependency */ = {
			isa = PBXTargetDependency;
			target = 6D0CCE031FAD70E900DF5F13 /* Sparen */;
			targetProxy = 6D0CCE241FAD70E900DF5F13 /* PBXContainerItemProxy */;
		};
/* End PBXTargetDependency section */

/* Begin PBXVariantGroup section */
		6D0CCE0B1FAD70E900DF5F13 /* Main.storyboard */ = {
			isa = PBXVariantGroup;
			children = (
				6D0CCE0C1FAD70E900DF5F13 /* Base */,
			);
			name = Main.storyboard;
			sourceTree = "<group>";
		};
		6D0CCE101FAD70E900DF5F13 /* LaunchScreen.storyboard */ = {
			isa = PBXVariantGroup;
			children = (
				6D0CCE111FAD70E900DF5F13 /* Base */,
			);
			name = LaunchScreen.storyboard;
			sourceTree = "<group>";
		};
/* End PBXVariantGroup section */

/* Begin XCBuildConfiguration section */
		6D0CCE2A1FAD70E900DF5F13 /* Debug */ = {
			isa = XCBuildConfiguration;
			buildSettings = {
				ALWAYS_SEARCH_USER_PATHS = NO;
				CLANG_ANALYZER_NONNULL = YES;
				CLANG_ANALYZER_NUMBER_OBJECT_CONVERSION = YES_AGGRESSIVE;
				CLANG_CXX_LANGUAGE_STANDARD = "gnu++14";
				CLANG_CXX_LIBRARY = "libc++";
				CLANG_ENABLE_MODULES = YES;
				CLANG_ENABLE_OBJC_ARC = YES;
				CLANG_WARN_BLOCK_CAPTURE_AUTORELEASING = YES;
				CLANG_WARN_BOOL_CONVERSION = YES;
				CLANG_WARN_COMMA = YES;
				CLANG_WARN_CONSTANT_CONVERSION = YES;
				CLANG_WARN_DEPRECATED_OBJC_IMPLEMENTATIONS = YES;
				CLANG_WARN_DIRECT_OBJC_ISA_USAGE = YES_ERROR;
				CLANG_WARN_DOCUMENTATION_COMMENTS = YES;
				CLANG_WARN_EMPTY_BODY = YES;
				CLANG_WARN_ENUM_CONVERSION = YES;
				CLANG_WARN_INFINITE_RECURSION = YES;
				CLANG_WARN_INT_CONVERSION = YES;
				CLANG_WARN_NON_LITERAL_NULL_CONVERSION = YES;
				CLANG_WARN_OBJC_IMPLICIT_RETAIN_SELF = YES;
				CLANG_WARN_OBJC_LITERAL_CONVERSION = YES;
				CLANG_WARN_OBJC_ROOT_CLASS = YES_ERROR;
				CLANG_WARN_RANGE_LOOP_ANALYSIS = YES;
				CLANG_WARN_STRICT_PROTOTYPES = YES;
				CLANG_WARN_SUSPICIOUS_MOVE = YES;
				CLANG_WARN_UNGUARDED_AVAILABILITY = YES_AGGRESSIVE;
				CLANG_WARN_UNREACHABLE_CODE = YES;
				CLANG_WARN__DUPLICATE_METHOD_MATCH = YES;
				CODE_SIGN_IDENTITY = "iPhone Developer";
				COPY_PHASE_STRIP = NO;
				DEBUG_INFORMATION_FORMAT = dwarf;
				ENABLE_STRICT_OBJC_MSGSEND = YES;
				ENABLE_TESTABILITY = YES;
				GCC_C_LANGUAGE_STANDARD = gnu11;
				GCC_DYNAMIC_NO_PIC = NO;
				GCC_NO_COMMON_BLOCKS = YES;
				GCC_OPTIMIZATION_LEVEL = 0;
				GCC_PREPROCESSOR_DEFINITIONS = (
					"DEBUG=1",
					"$(inherited)",
				);
				GCC_WARN_64_TO_32_BIT_CONVERSION = YES;
				GCC_WARN_ABOUT_RETURN_TYPE = YES_ERROR;
				GCC_WARN_UNDECLARED_SELECTOR = YES;
				GCC_WARN_UNINITIALIZED_AUTOS = YES_AGGRESSIVE;
				GCC_WARN_UNUSED_FUNCTION = YES;
				GCC_WARN_UNUSED_VARIABLE = YES;
				IPHONEOS_DEPLOYMENT_TARGET = 11.0;
				MTL_ENABLE_DEBUG_INFO = YES;
				ONLY_ACTIVE_ARCH = YES;
				SDKROOT = iphoneos;
				SWIFT_ACTIVE_COMPILATION_CONDITIONS = DEBUG;
				SWIFT_OPTIMIZATION_LEVEL = "-Onone";
			};
			name = Debug;
		};
		6D0CCE2B1FAD70E900DF5F13 /* Release */ = {
			isa = XCBuildConfiguration;
			buildSettings = {
				ALWAYS_SEARCH_USER_PATHS = NO;
				CLANG_ANALYZER_NONNULL = YES;
				CLANG_ANALYZER_NUMBER_OBJECT_CONVERSION = YES_AGGRESSIVE;
				CLANG_CXX_LANGUAGE_STANDARD = "gnu++14";
				CLANG_CXX_LIBRARY = "libc++";
				CLANG_ENABLE_MODULES = YES;
				CLANG_ENABLE_OBJC_ARC = YES;
				CLANG_WARN_BLOCK_CAPTURE_AUTORELEASING = YES;
				CLANG_WARN_BOOL_CONVERSION = YES;
				CLANG_WARN_COMMA = YES;
				CLANG_WARN_CONSTANT_CONVERSION = YES;
				CLANG_WARN_DEPRECATED_OBJC_IMPLEMENTATIONS = YES;
				CLANG_WARN_DIRECT_OBJC_ISA_USAGE = YES_ERROR;
				CLANG_WARN_DOCUMENTATION_COMMENTS = YES;
				CLANG_WARN_EMPTY_BODY = YES;
				CLANG_WARN_ENUM_CONVERSION = YES;
				CLANG_WARN_INFINITE_RECURSION = YES;
				CLANG_WARN_INT_CONVERSION = YES;
				CLANG_WARN_NON_LITERAL_NULL_CONVERSION = YES;
				CLANG_WARN_OBJC_IMPLICIT_RETAIN_SELF = YES;
				CLANG_WARN_OBJC_LITERAL_CONVERSION = YES;
				CLANG_WARN_OBJC_ROOT_CLASS = YES_ERROR;
				CLANG_WARN_RANGE_LOOP_ANALYSIS = YES;
				CLANG_WARN_STRICT_PROTOTYPES = YES;
				CLANG_WARN_SUSPICIOUS_MOVE = YES;
				CLANG_WARN_UNGUARDED_AVAILABILITY = YES_AGGRESSIVE;
				CLANG_WARN_UNREACHABLE_CODE = YES;
				CLANG_WARN__DUPLICATE_METHOD_MATCH = YES;
				CODE_SIGN_IDENTITY = "iPhone Developer";
				COPY_PHASE_STRIP = NO;
				DEBUG_INFORMATION_FORMAT = "dwarf-with-dsym";
				ENABLE_NS_ASSERTIONS = NO;
				ENABLE_STRICT_OBJC_MSGSEND = YES;
				GCC_C_LANGUAGE_STANDARD = gnu11;
				GCC_NO_COMMON_BLOCKS = YES;
				GCC_WARN_64_TO_32_BIT_CONVERSION = YES;
				GCC_WARN_ABOUT_RETURN_TYPE = YES_ERROR;
				GCC_WARN_UNDECLARED_SELECTOR = YES;
				GCC_WARN_UNINITIALIZED_AUTOS = YES_AGGRESSIVE;
				GCC_WARN_UNUSED_FUNCTION = YES;
				GCC_WARN_UNUSED_VARIABLE = YES;
				IPHONEOS_DEPLOYMENT_TARGET = 11.0;
				MTL_ENABLE_DEBUG_INFO = NO;
				SDKROOT = iphoneos;
				SWIFT_OPTIMIZATION_LEVEL = "-Owholemodule";
				VALIDATE_PRODUCT = YES;
			};
			name = Release;
		};
		6D0CCE2D1FAD70E900DF5F13 /* Debug */ = {
			isa = XCBuildConfiguration;
			baseConfigurationReference = 87C2CC8784914F1C08639150 /* Pods-Sparen.debug.xcconfig */;
			buildSettings = {
				ARCHS = "$(ARCHS_STANDARD)";
				ASSETCATALOG_COMPILER_APPICON_NAME = AppIcon;
				CLANG_ALLOW_NON_MODULAR_INCLUDES_IN_FRAMEWORK_MODULES = YES;
				CLANG_ENABLE_MODULES = YES;
				CODE_SIGN_ENTITLEMENTS = Sparen/Sparen.entitlements;
				CODE_SIGN_STYLE = Automatic;
				DEVELOPMENT_TEAM = GF728A45JE;
				FRAMEWORK_SEARCH_PATHS = "$(inherited)";
				INFOPLIST_FILE = "$(SRCROOT)/Sparen/Info.plist";
				IPHONEOS_DEPLOYMENT_TARGET = 11.0;
				LD_RUNPATH_SEARCH_PATHS = "$(inherited) @executable_path/Frameworks";
				PRODUCT_BUNDLE_IDENTIFIER = com.Kurbs.Sparen;
				PRODUCT_NAME = "$(TARGET_NAME)";
				SWIFT_OBJC_BRIDGING_HEADER = "Sparen/Sparen-Bridging-Header.h";
				SWIFT_OPTIMIZATION_LEVEL = "-Onone";
				SWIFT_VERSION = 4.0;
				"SYSTEM_FRAMEWORK_SEARCH_PATHS[arch=*]" = "$(inherited)";
				TARGETED_DEVICE_FAMILY = "1,2";
			};
			name = Debug;
		};
		6D0CCE2E1FAD70E900DF5F13 /* Release */ = {
			isa = XCBuildConfiguration;
			baseConfigurationReference = 58DB486847BD92FFA1FAE730 /* Pods-Sparen.release.xcconfig */;
			buildSettings = {
				ARCHS = "$(ARCHS_STANDARD)";
				ASSETCATALOG_COMPILER_APPICON_NAME = AppIcon;
				CLANG_ALLOW_NON_MODULAR_INCLUDES_IN_FRAMEWORK_MODULES = YES;
				CLANG_ENABLE_MODULES = YES;
				CODE_SIGN_ENTITLEMENTS = Sparen/Sparen.entitlements;
				CODE_SIGN_STYLE = Automatic;
				DEVELOPMENT_TEAM = GF728A45JE;
				FRAMEWORK_SEARCH_PATHS = "$(inherited)";
				INFOPLIST_FILE = "$(SRCROOT)/Sparen/Info.plist";
				IPHONEOS_DEPLOYMENT_TARGET = 11.0;
				LD_RUNPATH_SEARCH_PATHS = "$(inherited) @executable_path/Frameworks";
				MTL_ENABLE_DEBUG_INFO = NO;
				PRODUCT_BUNDLE_IDENTIFIER = com.Kurbs.Sparen;
				PRODUCT_NAME = "$(TARGET_NAME)";
				SWIFT_OBJC_BRIDGING_HEADER = "Sparen/Sparen-Bridging-Header.h";
				SWIFT_VERSION = 4.0;
				TARGETED_DEVICE_FAMILY = "1,2";
			};
			name = Release;
		};
		6D0CCE301FAD70E900DF5F13 /* Debug */ = {
			isa = XCBuildConfiguration;
			baseConfigurationReference = D386EF156C883DFB734B79BB /* Pods-SparenTests.debug.xcconfig */;
			buildSettings = {
				ALWAYS_EMBED_SWIFT_STANDARD_LIBRARIES = YES;
				BUNDLE_LOADER = "$(TEST_HOST)";
				CODE_SIGN_STYLE = Automatic;
				DEVELOPMENT_TEAM = FHE2BMTPG3;
				INFOPLIST_FILE = CircleTests/Info.plist;
				LD_RUNPATH_SEARCH_PATHS = "$(inherited) @executable_path/Frameworks @loader_path/Frameworks";
				PRODUCT_BUNDLE_IDENTIFIER = com.Kurbs.Circle.CircleTests;
				PRODUCT_NAME = "$(TARGET_NAME)";
				SWIFT_VERSION = 4.0;
				TARGETED_DEVICE_FAMILY = "1,2";
				TEST_HOST = "$(BUILT_PRODUCTS_DIR)/Sparen.app/Sparen";
			};
			name = Debug;
		};
		6D0CCE311FAD70E900DF5F13 /* Release */ = {
			isa = XCBuildConfiguration;
			baseConfigurationReference = EFF0466777C118EC2563E02A /* Pods-SparenTests.release.xcconfig */;
			buildSettings = {
				ALWAYS_EMBED_SWIFT_STANDARD_LIBRARIES = YES;
				BUNDLE_LOADER = "$(TEST_HOST)";
				CODE_SIGN_STYLE = Automatic;
				DEVELOPMENT_TEAM = FHE2BMTPG3;
				INFOPLIST_FILE = CircleTests/Info.plist;
				LD_RUNPATH_SEARCH_PATHS = "$(inherited) @executable_path/Frameworks @loader_path/Frameworks";
				PRODUCT_BUNDLE_IDENTIFIER = com.Kurbs.Circle.CircleTests;
				PRODUCT_NAME = "$(TARGET_NAME)";
				SWIFT_VERSION = 4.0;
				TARGETED_DEVICE_FAMILY = "1,2";
				TEST_HOST = "$(BUILT_PRODUCTS_DIR)/Sparen.app/Sparen";
			};
			name = Release;
		};
		6D0CCE331FAD70E900DF5F13 /* Debug */ = {
			isa = XCBuildConfiguration;
			baseConfigurationReference = 4D307B6D4B55459502B6C3F3 /* Pods-SparenUITests.debug.xcconfig */;
			buildSettings = {
				ALWAYS_EMBED_SWIFT_STANDARD_LIBRARIES = YES;
				CODE_SIGN_STYLE = Automatic;
				DEVELOPMENT_TEAM = FHE2BMTPG3;
				INFOPLIST_FILE = CircleUITests/Info.plist;
				LD_RUNPATH_SEARCH_PATHS = "$(inherited) @executable_path/Frameworks @loader_path/Frameworks";
				PRODUCT_BUNDLE_IDENTIFIER = com.Kurbs.Circle.CircleUITests;
				PRODUCT_NAME = "$(TARGET_NAME)";
				SWIFT_VERSION = 4.0;
				TARGETED_DEVICE_FAMILY = "1,2";
				TEST_TARGET_NAME = Circle;
			};
			name = Debug;
		};
		6D0CCE341FAD70E900DF5F13 /* Release */ = {
			isa = XCBuildConfiguration;
			baseConfigurationReference = 226EBE804BFCC86852AFB1FD /* Pods-SparenUITests.release.xcconfig */;
			buildSettings = {
				ALWAYS_EMBED_SWIFT_STANDARD_LIBRARIES = YES;
				CODE_SIGN_STYLE = Automatic;
				DEVELOPMENT_TEAM = FHE2BMTPG3;
				INFOPLIST_FILE = CircleUITests/Info.plist;
				LD_RUNPATH_SEARCH_PATHS = "$(inherited) @executable_path/Frameworks @loader_path/Frameworks";
				PRODUCT_BUNDLE_IDENTIFIER = com.Kurbs.Circle.CircleUITests;
				PRODUCT_NAME = "$(TARGET_NAME)";
				SWIFT_VERSION = 4.0;
				TARGETED_DEVICE_FAMILY = "1,2";
				TEST_TARGET_NAME = Circle;
			};
			name = Release;
		};
/* End XCBuildConfiguration section */

/* Begin XCConfigurationList section */
		6D0CCDFF1FAD70E900DF5F13 /* Build configuration list for PBXProject "Sparen" */ = {
			isa = XCConfigurationList;
			buildConfigurations = (
				6D0CCE2A1FAD70E900DF5F13 /* Debug */,
				6D0CCE2B1FAD70E900DF5F13 /* Release */,
			);
			defaultConfigurationIsVisible = 0;
			defaultConfigurationName = Release;
		};
		6D0CCE2C1FAD70E900DF5F13 /* Build configuration list for PBXNativeTarget "Sparen" */ = {
			isa = XCConfigurationList;
			buildConfigurations = (
				6D0CCE2D1FAD70E900DF5F13 /* Debug */,
				6D0CCE2E1FAD70E900DF5F13 /* Release */,
			);
			defaultConfigurationIsVisible = 0;
			defaultConfigurationName = Release;
		};
		6D0CCE2F1FAD70E900DF5F13 /* Build configuration list for PBXNativeTarget "SparenTests" */ = {
			isa = XCConfigurationList;
			buildConfigurations = (
				6D0CCE301FAD70E900DF5F13 /* Debug */,
				6D0CCE311FAD70E900DF5F13 /* Release */,
			);
			defaultConfigurationIsVisible = 0;
			defaultConfigurationName = Release;
		};
		6D0CCE321FAD70E900DF5F13 /* Build configuration list for PBXNativeTarget "SparenUITests" */ = {
			isa = XCConfigurationList;
			buildConfigurations = (
				6D0CCE331FAD70E900DF5F13 /* Debug */,
				6D0CCE341FAD70E900DF5F13 /* Release */,
			);
			defaultConfigurationIsVisible = 0;
			defaultConfigurationName = Release;
		};
/* End XCConfigurationList section */
	};
	rootObject = 6D0CCDFC1FAD70E900DF5F13 /* Project object */;
}
